// !$*UTF8*$!
{
	archiveVersion = 1;
	classes = {
	};
	objectVersion = 51;
	objects = {

/* Begin PBXBuildFile section */
		63D2D57F931C466535B8CD21 /* Pods_StrawberryPieTests.framework in Frameworks */ = {isa = PBXBuildFile; fileRef = 1DA5921CA9EEDF3C149272E5 /* Pods_StrawberryPieTests.framework */; };
		684EEE17239270C800D68EC6 /* StrawberryPieUITests.swift in Sources */ = {isa = PBXBuildFile; fileRef = 684EEE16239270C800D68EC6 /* StrawberryPieUITests.swift */; };
		684EEE1F2392847B00D68EC6 /* QAControllerTest.swift in Sources */ = {isa = PBXBuildFile; fileRef = 684EEE1E2392847B00D68EC6 /* QAControllerTest.swift */; };
		68574590238935DE0002A538 /* QAController.swift in Sources */ = {isa = PBXBuildFile; fileRef = 6857458F238935DE0002A538 /* QAController.swift */; };
		68574593238940B80002A538 /* HomeController.swift in Sources */ = {isa = PBXBuildFile; fileRef = 68574592238940B80002A538 /* HomeController.swift */; };
		685D424623895F2400059014 /* QaTable.swift in Sources */ = {isa = PBXBuildFile; fileRef = 685D424523895F2400059014 /* QaTable.swift */; };
		685D424823895F3700059014 /* QaHostCardTable.swift in Sources */ = {isa = PBXBuildFile; fileRef = 685D424723895F3700059014 /* QaHostCardTable.swift */; };
		6877CD2A238855B700CBCEDE /* QA.storyboard in Resources */ = {isa = PBXBuildFile; fileRef = 6877CD29238855B700CBCEDE /* QA.storyboard */; };
		689803D9238A860400FE39CF /* QaTest.storyboard in Resources */ = {isa = PBXBuildFile; fileRef = 689803D8238A860400FE39CF /* QaTest.storyboard */; };
		689803DB238A864F00FE39CF /* QaTest.swift in Sources */ = {isa = PBXBuildFile; fileRef = 689803DA238A864F00FE39CF /* QaTest.swift */; };
		68B0A18F2391934B00404D7A /* RealmDB.swift in Sources */ = {isa = PBXBuildFile; fileRef = 6A367A1B238C2D750006D64A /* RealmDB.swift */; };
		68B0A191239193A900404D7A /* HostController.swift in Sources */ = {isa = PBXBuildFile; fileRef = 6A9E89E72389466A0069DE71 /* HostController.swift */; };
		68B0A19C23919C8000404D7A /* Assets.xcassets in Resources */ = {isa = PBXBuildFile; fileRef = 6A7E6640238430AF00F8340C /* Assets.xcassets */; };
		68B0A19E23919C8C00404D7A /* Images in Resources */ = {isa = PBXBuildFile; fileRef = 6AD541E2238C364A00DF16DA /* Images */; };
		68B0A1A92391A5A000404D7A /* Studies+CoreDataClass.swift in Sources */ = {isa = PBXBuildFile; fileRef = 6AE09EA8238827750040E87E /* Studies+CoreDataClass.swift */; };
		68B0A1B32391AA3D00404D7A /* StrawberryPieTests.swift in Sources */ = {isa = PBXBuildFile; fileRef = 6A7E664E238430AF00F8340C /* StrawberryPieTests.swift */; };
		6A7D3412238830630079BFB7 /* Constants.swift in Sources */ = {isa = PBXBuildFile; fileRef = 6A7D3411238830630079BFB7 /* Constants.swift */; };
		6A7E6637238430AD00F8340C /* AppDelegate.swift in Sources */ = {isa = PBXBuildFile; fileRef = 6A7E6636238430AD00F8340C /* AppDelegate.swift */; };
		6A7E6639238430AD00F8340C /* LoginRegisterController.swift in Sources */ = {isa = PBXBuildFile; fileRef = 6A7E6638238430AD00F8340C /* LoginRegisterController.swift */; };
		6A7E663F238430AD00F8340C /* StrawberryPie.xcdatamodeld in Sources */ = {isa = PBXBuildFile; fileRef = 6A7E663D238430AD00F8340C /* StrawberryPie.xcdatamodeld */; };
		6A7E6641238430AF00F8340C /* Assets.xcassets in Resources */ = {isa = PBXBuildFile; fileRef = 6A7E6640238430AF00F8340C /* Assets.xcassets */; };
		6A7E6644238430AF00F8340C /* LaunchScreen.storyboard in Resources */ = {isa = PBXBuildFile; fileRef = 6A7E6642238430AF00F8340C /* LaunchScreen.storyboard */; };
		6A7E66682384368600F8340C /* .gitlab-ci.yml in Resources */ = {isa = PBXBuildFile; fileRef = 6A7E66672384368600F8340C /* .gitlab-ci.yml */; };
		6A8C5DD3238AC59600C321E5 /* Host.storyboard in Resources */ = {isa = PBXBuildFile; fileRef = 6A8C5DD2238AC59600C321E5 /* Host.storyboard */; };
		6A8C5DD4238AC59600C321E5 /* Host.storyboard in Resources */ = {isa = PBXBuildFile; fileRef = 6A8C5DD2238AC59600C321E5 /* Host.storyboard */; };
		6A9E89C02389461B0069DE71 /* Intro.swift in Sources */ = {isa = PBXBuildFile; fileRef = 6A9E89B7238946190069DE71 /* Intro.swift */; };
		6A9E89C22389461B0069DE71 /* QAMessageBoard.swift in Sources */ = {isa = PBXBuildFile; fileRef = 6A9E89B8238946190069DE71 /* QAMessageBoard.swift */; };
		6A9E89C42389461B0069DE71 /* User.swift in Sources */ = {isa = PBXBuildFile; fileRef = 6A9E89B92389461A0069DE71 /* User.swift */; };
		6A9E89C62389461B0069DE71 /* Category.swift in Sources */ = {isa = PBXBuildFile; fileRef = 6A9E89BA2389461A0069DE71 /* Category.swift */; };
		6A9E89C82389461B0069DE71 /* profession.swift in Sources */ = {isa = PBXBuildFile; fileRef = 6A9E89BB2389461A0069DE71 /* profession.swift */; };
		6A9E89CA2389461B0069DE71 /* QA.swift in Sources */ = {isa = PBXBuildFile; fileRef = 6A9E89BC2389461A0069DE71 /* QA.swift */; };
		6A9E89CC2389461B0069DE71 /* Education.swift in Sources */ = {isa = PBXBuildFile; fileRef = 6A9E89BD2389461A0069DE71 /* Education.swift */; };
		6A9E89CE2389461B0069DE71 /* Chat.swift in Sources */ = {isa = PBXBuildFile; fileRef = 6A9E89BE2389461A0069DE71 /* Chat.swift */; };
		6A9E89D02389461B0069DE71 /* ChatMessage.swift in Sources */ = {isa = PBXBuildFile; fileRef = 6A9E89BF2389461A0069DE71 /* ChatMessage.swift */; };
		6A9E89D9238946450069DE71 /* HottestCell.swift in Sources */ = {isa = PBXBuildFile; fileRef = 6A9E89D2238946450069DE71 /* HottestCell.swift */; };
		6A9E89DB238946450069DE71 /* FeedTableTableViewController.swift in Sources */ = {isa = PBXBuildFile; fileRef = 6A9E89D3238946450069DE71 /* FeedTableTableViewController.swift */; };
		6A9E89DD238946450069DE71 /* FeedTable.swift in Sources */ = {isa = PBXBuildFile; fileRef = 6A9E89D4238946450069DE71 /* FeedTable.swift */; };
		6A9E89DF238946450069DE71 /* FeedItem.swift in Sources */ = {isa = PBXBuildFile; fileRef = 6A9E89D5238946450069DE71 /* FeedItem.swift */; };
		6A9E89E1238946450069DE71 /* Hottest.swift in Sources */ = {isa = PBXBuildFile; fileRef = 6A9E89D6238946450069DE71 /* Hottest.swift */; };
		6A9E89E3238946450069DE71 /* ChatMessageCell.swift in Sources */ = {isa = PBXBuildFile; fileRef = 6A9E89D7238946450069DE71 /* ChatMessageCell.swift */; };
		6A9E89E5238946450069DE71 /* QAMessageCell.swift in Sources */ = {isa = PBXBuildFile; fileRef = 6A9E89D8238946450069DE71 /* QAMessageCell.swift */; };
		6A9E89ED2389466B0069DE71 /* QASessionController.swift in Sources */ = {isa = PBXBuildFile; fileRef = 6A9E89E82389466A0069DE71 /* QASessionController.swift */; };
		6A9E89EF2389466B0069DE71 /* PersonalFeedController.swift in Sources */ = {isa = PBXBuildFile; fileRef = 6A9E89E92389466A0069DE71 /* PersonalFeedController.swift */; };
		6A9E89F12389466B0069DE71 /* PrivateMessageController.swift in Sources */ = {isa = PBXBuildFile; fileRef = 6A9E89EA2389466A0069DE71 /* PrivateMessageController.swift */; };
		6AACF22C238EAEFB006ECBF4 /* ExpertFeed.swift in Sources */ = {isa = PBXBuildFile; fileRef = 6AACF22B238EAEFB006ECBF4 /* ExpertFeed.swift */; };
		6AACF2302393C29B006ECBF4 /* ExpertCellController.swift in Sources */ = {isa = PBXBuildFile; fileRef = 6AACF22F2393C29B006ECBF4 /* ExpertCellController.swift */; };
		6AC642CC2385892500E2906F /* ProfileController.swift in Sources */ = {isa = PBXBuildFile; fileRef = 6AC642CB2385892500E2906F /* ProfileController.swift */; };
		6AC642D62385915000E2906F /* Main.storyboard in Resources */ = {isa = PBXBuildFile; fileRef = 6AC642D42385915000E2906F /* Main.storyboard */; };
		6AC642E02385932E00E2906F /* Profile.storyboard in Resources */ = {isa = PBXBuildFile; fileRef = 6AC642DF2385932E00E2906F /* Profile.storyboard */; };
		6AC642E22385937100E2906F /* Feed.storyboard in Resources */ = {isa = PBXBuildFile; fileRef = 6AC642E12385937100E2906F /* Feed.storyboard */; };
		6AC642E42385939500E2906F /* Home.storyboard in Resources */ = {isa = PBXBuildFile; fileRef = 6AC642E32385939500E2906F /* Home.storyboard */; };
		6AC642E6238593BB00E2906F /* Categories.storyboard in Resources */ = {isa = PBXBuildFile; fileRef = 6AC642E5238593BB00E2906F /* Categories.storyboard */; };
		6AC642E8238593E100E2906F /* LoginRegister.storyboard in Resources */ = {isa = PBXBuildFile; fileRef = 6AC642E7238593E100E2906F /* LoginRegister.storyboard */; };
		6ACB980A2386747A0070CCF6 /* QASession.swift in Sources */ = {isa = PBXBuildFile; fileRef = 6ACB98092386747A0070CCF6 /* QASession.swift */; };
		6AD541E3238C364A00DF16DA /* Images in Resources */ = {isa = PBXBuildFile; fileRef = 6AD541E2238C364A00DF16DA /* Images */; };
		6AD541E5238C49AC00DF16DA /* CollectionViewCell.swift in Sources */ = {isa = PBXBuildFile; fileRef = 6AD541E4238C49AC00DF16DA /* CollectionViewCell.swift */; };
		6AD541F7238EC6A700DF16DA /* CategoryContentController.swift in Sources */ = {isa = PBXBuildFile; fileRef = 6AD541F6238EC6A700DF16DA /* CategoryContentController.swift */; };
		6AE09EAD238827760040E87E /* Category+CoreDataClass.swift in Sources */ = {isa = PBXBuildFile; fileRef = 6AE09EA7238827750040E87E /* Category+CoreDataClass.swift */; };
		6AE09EAF238827760040E87E /* Studies+CoreDataProperties.swift in Sources */ = {isa = PBXBuildFile; fileRef = 6AE09EA9238827750040E87E /* Studies+CoreDataProperties.swift */; };
		6AE09EB0238827760040E87E /* Work+CoreDataProperties.swift in Sources */ = {isa = PBXBuildFile; fileRef = 6AE09EAA238827750040E87E /* Work+CoreDataProperties.swift */; };
		6AE09EB1238827760040E87E /* Work+CoreDataClass.swift in Sources */ = {isa = PBXBuildFile; fileRef = 6AE09EAB238827750040E87E /* Work+CoreDataClass.swift */; };
		6AE09EB2238827760040E87E /* Category+CoreDataProperties.swift in Sources */ = {isa = PBXBuildFile; fileRef = 6AE09EAC238827760040E87E /* Category+CoreDataProperties.swift */; };
		6AE09EB62389508A0040E87E /* CategoryViewController.swift in Sources */ = {isa = PBXBuildFile; fileRef = 6AE09EB52389508A0040E87E /* CategoryViewController.swift */; };
		BFC9BD0A46682C914BB4736A /* Pods_StrawberryPie.framework in Frameworks */ = {isa = PBXBuildFile; fileRef = 13D46F4DD8FE8DEC51E6DC26 /* Pods_StrawberryPie.framework */; };
/* End PBXBuildFile section */

/* Begin PBXContainerItemProxy section */
		684EEE19239270C800D68EC6 /* PBXContainerItemProxy */ = {
			isa = PBXContainerItemProxy;
			containerPortal = 6A7E662B238430AD00F8340C /* Project object */;
			proxyType = 1;
			remoteGlobalIDString = 6A7E6632238430AD00F8340C;
			remoteInfo = StrawberryPie;
		};
		6A7E664B238430AF00F8340C /* PBXContainerItemProxy */ = {
			isa = PBXContainerItemProxy;
			containerPortal = 6A7E662B238430AD00F8340C /* Project object */;
			proxyType = 1;
			remoteGlobalIDString = 6A7E6632238430AD00F8340C;
			remoteInfo = StrawberryPie;
		};
/* End PBXContainerItemProxy section */

/* Begin PBXFileReference section */
		13D46F4DD8FE8DEC51E6DC26 /* Pods_StrawberryPie.framework */ = {isa = PBXFileReference; explicitFileType = wrapper.framework; includeInIndex = 0; path = Pods_StrawberryPie.framework; sourceTree = BUILT_PRODUCTS_DIR; };
		180D49CC598AD12A2D22C9D2 /* Pods-StrawberryPie-StrawberryPieUITests.release.xcconfig */ = {isa = PBXFileReference; includeInIndex = 1; lastKnownFileType = text.xcconfig; name = "Pods-StrawberryPie-StrawberryPieUITests.release.xcconfig"; path = "Target Support Files/Pods-StrawberryPie-StrawberryPieUITests/Pods-StrawberryPie-StrawberryPieUITests.release.xcconfig"; sourceTree = "<group>"; };
		1DA5921CA9EEDF3C149272E5 /* Pods_StrawberryPieTests.framework */ = {isa = PBXFileReference; explicitFileType = wrapper.framework; includeInIndex = 0; path = Pods_StrawberryPieTests.framework; sourceTree = BUILT_PRODUCTS_DIR; };
		684EEE14239270C800D68EC6 /* StrawberryPieUITests.xctest */ = {isa = PBXFileReference; explicitFileType = wrapper.cfbundle; includeInIndex = 0; path = StrawberryPieUITests.xctest; sourceTree = BUILT_PRODUCTS_DIR; };
		684EEE16239270C800D68EC6 /* StrawberryPieUITests.swift */ = {isa = PBXFileReference; lastKnownFileType = sourcecode.swift; path = StrawberryPieUITests.swift; sourceTree = "<group>"; };
		684EEE18239270C800D68EC6 /* Info.plist */ = {isa = PBXFileReference; lastKnownFileType = text.plist.xml; path = Info.plist; sourceTree = "<group>"; };
		684EEE1E2392847B00D68EC6 /* QAControllerTest.swift */ = {isa = PBXFileReference; lastKnownFileType = sourcecode.swift; path = QAControllerTest.swift; sourceTree = "<group>"; };
		6857458F238935DE0002A538 /* QAController.swift */ = {isa = PBXFileReference; lastKnownFileType = sourcecode.swift; path = QAController.swift; sourceTree = "<group>"; };
		68574592238940B80002A538 /* HomeController.swift */ = {isa = PBXFileReference; fileEncoding = 4; lastKnownFileType = sourcecode.swift; path = HomeController.swift; sourceTree = "<group>"; };
		685D424523895F2400059014 /* QaTable.swift */ = {isa = PBXFileReference; lastKnownFileType = sourcecode.swift; path = QaTable.swift; sourceTree = "<group>"; };
		685D424723895F3700059014 /* QaHostCardTable.swift */ = {isa = PBXFileReference; lastKnownFileType = sourcecode.swift; path = QaHostCardTable.swift; sourceTree = "<group>"; };
		6877CD29238855B700CBCEDE /* QA.storyboard */ = {isa = PBXFileReference; lastKnownFileType = file.storyboard; path = QA.storyboard; sourceTree = "<group>"; };
		689803D8238A860400FE39CF /* QaTest.storyboard */ = {isa = PBXFileReference; lastKnownFileType = file.storyboard; path = QaTest.storyboard; sourceTree = "<group>"; };
		689803DA238A864F00FE39CF /* QaTest.swift */ = {isa = PBXFileReference; lastKnownFileType = sourcecode.swift; path = QaTest.swift; sourceTree = "<group>"; };
		6A367A1B238C2D750006D64A /* RealmDB.swift */ = {isa = PBXFileReference; lastKnownFileType = sourcecode.swift; path = RealmDB.swift; sourceTree = "<group>"; };
		6A7D3411238830630079BFB7 /* Constants.swift */ = {isa = PBXFileReference; lastKnownFileType = sourcecode.swift; path = Constants.swift; sourceTree = "<group>"; };
		6A7E6633238430AD00F8340C /* StrawberryPie.app */ = {isa = PBXFileReference; explicitFileType = wrapper.application; includeInIndex = 0; path = StrawberryPie.app; sourceTree = BUILT_PRODUCTS_DIR; };
		6A7E6636238430AD00F8340C /* AppDelegate.swift */ = {isa = PBXFileReference; lastKnownFileType = sourcecode.swift; path = AppDelegate.swift; sourceTree = "<group>"; };
		6A7E6638238430AD00F8340C /* LoginRegisterController.swift */ = {isa = PBXFileReference; lastKnownFileType = sourcecode.swift; path = LoginRegisterController.swift; sourceTree = "<group>"; };
		6A7E663E238430AD00F8340C /* StrawberryPie.xcdatamodel */ = {isa = PBXFileReference; lastKnownFileType = wrapper.xcdatamodel; path = StrawberryPie.xcdatamodel; sourceTree = "<group>"; };
		6A7E6640238430AF00F8340C /* Assets.xcassets */ = {isa = PBXFileReference; lastKnownFileType = folder.assetcatalog; path = Assets.xcassets; sourceTree = "<group>"; };
		6A7E6643238430AF00F8340C /* Base */ = {isa = PBXFileReference; lastKnownFileType = file.storyboard; name = Base; path = Base.lproj/LaunchScreen.storyboard; sourceTree = "<group>"; };
		6A7E6645238430AF00F8340C /* Info.plist */ = {isa = PBXFileReference; lastKnownFileType = text.plist.xml; path = Info.plist; sourceTree = "<group>"; };
		6A7E664A238430AF00F8340C /* StrawberryPieTests.xctest */ = {isa = PBXFileReference; explicitFileType = wrapper.cfbundle; includeInIndex = 0; path = StrawberryPieTests.xctest; sourceTree = BUILT_PRODUCTS_DIR; };
		6A7E664E238430AF00F8340C /* StrawberryPieTests.swift */ = {isa = PBXFileReference; lastKnownFileType = sourcecode.swift; path = StrawberryPieTests.swift; sourceTree = "<group>"; };
		6A7E6650238430AF00F8340C /* Info.plist */ = {isa = PBXFileReference; lastKnownFileType = text.plist.xml; path = Info.plist; sourceTree = "<group>"; };
		6A7E66672384368600F8340C /* .gitlab-ci.yml */ = {isa = PBXFileReference; lastKnownFileType = text; path = ".gitlab-ci.yml"; sourceTree = "<group>"; };
		6A8C5DD2238AC59600C321E5 /* Host.storyboard */ = {isa = PBXFileReference; lastKnownFileType = file.storyboard; path = Host.storyboard; sourceTree = "<group>"; };
		6A9E89B7238946190069DE71 /* Intro.swift */ = {isa = PBXFileReference; fileEncoding = 4; lastKnownFileType = sourcecode.swift; path = Intro.swift; sourceTree = "<group>"; };
		6A9E89B8238946190069DE71 /* QAMessageBoard.swift */ = {isa = PBXFileReference; fileEncoding = 4; lastKnownFileType = sourcecode.swift; path = QAMessageBoard.swift; sourceTree = "<group>"; };
		6A9E89B92389461A0069DE71 /* User.swift */ = {isa = PBXFileReference; fileEncoding = 4; lastKnownFileType = sourcecode.swift; path = User.swift; sourceTree = "<group>"; };
		6A9E89BA2389461A0069DE71 /* Category.swift */ = {isa = PBXFileReference; fileEncoding = 4; lastKnownFileType = sourcecode.swift; path = Category.swift; sourceTree = "<group>"; };
		6A9E89BB2389461A0069DE71 /* profession.swift */ = {isa = PBXFileReference; fileEncoding = 4; lastKnownFileType = sourcecode.swift; path = profession.swift; sourceTree = "<group>"; };
		6A9E89BC2389461A0069DE71 /* QA.swift */ = {isa = PBXFileReference; fileEncoding = 4; lastKnownFileType = sourcecode.swift; path = QA.swift; sourceTree = "<group>"; };
		6A9E89BD2389461A0069DE71 /* Education.swift */ = {isa = PBXFileReference; fileEncoding = 4; lastKnownFileType = sourcecode.swift; path = Education.swift; sourceTree = "<group>"; };
		6A9E89BE2389461A0069DE71 /* Chat.swift */ = {isa = PBXFileReference; fileEncoding = 4; lastKnownFileType = sourcecode.swift; path = Chat.swift; sourceTree = "<group>"; };
		6A9E89BF2389461A0069DE71 /* ChatMessage.swift */ = {isa = PBXFileReference; fileEncoding = 4; lastKnownFileType = sourcecode.swift; path = ChatMessage.swift; sourceTree = "<group>"; };
		6A9E89D2238946450069DE71 /* HottestCell.swift */ = {isa = PBXFileReference; fileEncoding = 4; lastKnownFileType = sourcecode.swift; path = HottestCell.swift; sourceTree = "<group>"; };
		6A9E89D3238946450069DE71 /* FeedTableTableViewController.swift */ = {isa = PBXFileReference; fileEncoding = 4; lastKnownFileType = sourcecode.swift; path = FeedTableTableViewController.swift; sourceTree = "<group>"; };
		6A9E89D4238946450069DE71 /* FeedTable.swift */ = {isa = PBXFileReference; fileEncoding = 4; lastKnownFileType = sourcecode.swift; path = FeedTable.swift; sourceTree = "<group>"; };
		6A9E89D5238946450069DE71 /* FeedItem.swift */ = {isa = PBXFileReference; fileEncoding = 4; lastKnownFileType = sourcecode.swift; path = FeedItem.swift; sourceTree = "<group>"; };
		6A9E89D6238946450069DE71 /* Hottest.swift */ = {isa = PBXFileReference; fileEncoding = 4; lastKnownFileType = sourcecode.swift; path = Hottest.swift; sourceTree = "<group>"; };
		6A9E89D7238946450069DE71 /* ChatMessageCell.swift */ = {isa = PBXFileReference; fileEncoding = 4; lastKnownFileType = sourcecode.swift; path = ChatMessageCell.swift; sourceTree = "<group>"; };
		6A9E89D8238946450069DE71 /* QAMessageCell.swift */ = {isa = PBXFileReference; fileEncoding = 4; lastKnownFileType = sourcecode.swift; path = QAMessageCell.swift; sourceTree = "<group>"; };
		6A9E89E72389466A0069DE71 /* HostController.swift */ = {isa = PBXFileReference; fileEncoding = 4; lastKnownFileType = sourcecode.swift; path = HostController.swift; sourceTree = "<group>"; };
		6A9E89E82389466A0069DE71 /* QASessionController.swift */ = {isa = PBXFileReference; fileEncoding = 4; lastKnownFileType = sourcecode.swift; path = QASessionController.swift; sourceTree = "<group>"; };
		6A9E89E92389466A0069DE71 /* PersonalFeedController.swift */ = {isa = PBXFileReference; fileEncoding = 4; lastKnownFileType = sourcecode.swift; path = PersonalFeedController.swift; sourceTree = "<group>"; };
		6A9E89EA2389466A0069DE71 /* PrivateMessageController.swift */ = {isa = PBXFileReference; fileEncoding = 4; lastKnownFileType = sourcecode.swift; path = PrivateMessageController.swift; sourceTree = "<group>"; };
		6AACF22B238EAEFB006ECBF4 /* ExpertFeed.swift */ = {isa = PBXFileReference; lastKnownFileType = sourcecode.swift; path = ExpertFeed.swift; sourceTree = "<group>"; };
		6AACF22F2393C29B006ECBF4 /* ExpertCellController.swift */ = {isa = PBXFileReference; lastKnownFileType = sourcecode.swift; path = ExpertCellController.swift; sourceTree = "<group>"; };
		6AC642CB2385892500E2906F /* ProfileController.swift */ = {isa = PBXFileReference; lastKnownFileType = sourcecode.swift; path = ProfileController.swift; sourceTree = "<group>"; };
		6AC642D52385915000E2906F /* Base */ = {isa = PBXFileReference; lastKnownFileType = file.storyboard; name = Base; path = Base.lproj/Main.storyboard; sourceTree = "<group>"; };
		6AC642DF2385932E00E2906F /* Profile.storyboard */ = {isa = PBXFileReference; fileEncoding = 4; lastKnownFileType = file.storyboard; path = Profile.storyboard; sourceTree = "<group>"; };
		6AC642E12385937100E2906F /* Feed.storyboard */ = {isa = PBXFileReference; fileEncoding = 4; lastKnownFileType = file.storyboard; path = Feed.storyboard; sourceTree = "<group>"; };
		6AC642E32385939500E2906F /* Home.storyboard */ = {isa = PBXFileReference; fileEncoding = 4; lastKnownFileType = file.storyboard; path = Home.storyboard; sourceTree = "<group>"; };
		6AC642E5238593BB00E2906F /* Categories.storyboard */ = {isa = PBXFileReference; fileEncoding = 4; lastKnownFileType = file.storyboard; path = Categories.storyboard; sourceTree = "<group>"; };
		6AC642E7238593E100E2906F /* LoginRegister.storyboard */ = {isa = PBXFileReference; fileEncoding = 4; lastKnownFileType = file.storyboard; path = LoginRegister.storyboard; sourceTree = "<group>"; };
		6ACB98092386747A0070CCF6 /* QASession.swift */ = {isa = PBXFileReference; lastKnownFileType = sourcecode.swift; path = QASession.swift; sourceTree = "<group>"; };
		6AD541E2238C364A00DF16DA /* Images */ = {isa = PBXFileReference; lastKnownFileType = folder; path = Images; sourceTree = "<group>"; };
		6AD541E4238C49AC00DF16DA /* CollectionViewCell.swift */ = {isa = PBXFileReference; lastKnownFileType = sourcecode.swift; path = CollectionViewCell.swift; sourceTree = "<group>"; };
		6AD541F6238EC6A700DF16DA /* CategoryContentController.swift */ = {isa = PBXFileReference; lastKnownFileType = sourcecode.swift; path = CategoryContentController.swift; sourceTree = "<group>"; };
		6AE09EA7238827750040E87E /* Category+CoreDataClass.swift */ = {isa = PBXFileReference; fileEncoding = 4; lastKnownFileType = sourcecode.swift; path = "Category+CoreDataClass.swift"; sourceTree = "<group>"; };
		6AE09EA8238827750040E87E /* Studies+CoreDataClass.swift */ = {isa = PBXFileReference; fileEncoding = 4; lastKnownFileType = sourcecode.swift; path = "Studies+CoreDataClass.swift"; sourceTree = "<group>"; };
		6AE09EA9238827750040E87E /* Studies+CoreDataProperties.swift */ = {isa = PBXFileReference; fileEncoding = 4; lastKnownFileType = sourcecode.swift; path = "Studies+CoreDataProperties.swift"; sourceTree = "<group>"; };
		6AE09EAA238827750040E87E /* Work+CoreDataProperties.swift */ = {isa = PBXFileReference; fileEncoding = 4; lastKnownFileType = sourcecode.swift; path = "Work+CoreDataProperties.swift"; sourceTree = "<group>"; };
		6AE09EAB238827750040E87E /* Work+CoreDataClass.swift */ = {isa = PBXFileReference; fileEncoding = 4; lastKnownFileType = sourcecode.swift; path = "Work+CoreDataClass.swift"; sourceTree = "<group>"; };
		6AE09EAC238827760040E87E /* Category+CoreDataProperties.swift */ = {isa = PBXFileReference; fileEncoding = 4; lastKnownFileType = sourcecode.swift; path = "Category+CoreDataProperties.swift"; sourceTree = "<group>"; };
		6AE09EB52389508A0040E87E /* CategoryViewController.swift */ = {isa = PBXFileReference; lastKnownFileType = sourcecode.swift; path = CategoryViewController.swift; sourceTree = "<group>"; };
		6FE67FC2653627D51C037D95 /* Pods-StrawberryPieTests.debug.xcconfig */ = {isa = PBXFileReference; includeInIndex = 1; lastKnownFileType = text.xcconfig; name = "Pods-StrawberryPieTests.debug.xcconfig"; path = "Target Support Files/Pods-StrawberryPieTests/Pods-StrawberryPieTests.debug.xcconfig"; sourceTree = "<group>"; };
		A96B7A6FA000376F53649958 /* Pods-StrawberryPieTests.release.xcconfig */ = {isa = PBXFileReference; includeInIndex = 1; lastKnownFileType = text.xcconfig; name = "Pods-StrawberryPieTests.release.xcconfig"; path = "Target Support Files/Pods-StrawberryPieTests/Pods-StrawberryPieTests.release.xcconfig"; sourceTree = "<group>"; };
		CE07CB0B56F32CAAB48E7C6C /* Pods-StrawberryPie.debug.xcconfig */ = {isa = PBXFileReference; includeInIndex = 1; lastKnownFileType = text.xcconfig; name = "Pods-StrawberryPie.debug.xcconfig"; path = "Target Support Files/Pods-StrawberryPie/Pods-StrawberryPie.debug.xcconfig"; sourceTree = "<group>"; };
		D33E5455F31C152E21085EE4 /* Pods_StrawberryPie_StrawberryPieUITests.framework */ = {isa = PBXFileReference; explicitFileType = wrapper.framework; includeInIndex = 0; path = Pods_StrawberryPie_StrawberryPieUITests.framework; sourceTree = BUILT_PRODUCTS_DIR; };
		E22A0183E24B3C2146C949F3 /* Pods-StrawberryPie-StrawberryPieUITests.debug.xcconfig */ = {isa = PBXFileReference; includeInIndex = 1; lastKnownFileType = text.xcconfig; name = "Pods-StrawberryPie-StrawberryPieUITests.debug.xcconfig"; path = "Target Support Files/Pods-StrawberryPie-StrawberryPieUITests/Pods-StrawberryPie-StrawberryPieUITests.debug.xcconfig"; sourceTree = "<group>"; };
		EC31303FB4172628B0DEDD57 /* Pods-StrawberryPie.release.xcconfig */ = {isa = PBXFileReference; includeInIndex = 1; lastKnownFileType = text.xcconfig; name = "Pods-StrawberryPie.release.xcconfig"; path = "Target Support Files/Pods-StrawberryPie/Pods-StrawberryPie.release.xcconfig"; sourceTree = "<group>"; };
/* End PBXFileReference section */

/* Begin PBXFrameworksBuildPhase section */
		684EEE11239270C800D68EC6 /* Frameworks */ = {
			isa = PBXFrameworksBuildPhase;
			buildActionMask = 2147483647;
			files = (
			);
			runOnlyForDeploymentPostprocessing = 0;
		};
		6A7E6630238430AD00F8340C /* Frameworks */ = {
			isa = PBXFrameworksBuildPhase;
			buildActionMask = 2147483647;
			files = (
				BFC9BD0A46682C914BB4736A /* Pods_StrawberryPie.framework in Frameworks */,
			);
			runOnlyForDeploymentPostprocessing = 0;
		};
		6A7E6647238430AF00F8340C /* Frameworks */ = {
			isa = PBXFrameworksBuildPhase;
			buildActionMask = 2147483647;
			files = (
				63D2D57F931C466535B8CD21 /* Pods_StrawberryPieTests.framework in Frameworks */,
			);
			runOnlyForDeploymentPostprocessing = 0;
		};
/* End PBXFrameworksBuildPhase section */

/* Begin PBXGroup section */
		684EEE15239270C800D68EC6 /* StrawberryPieUITests */ = {
			isa = PBXGroup;
			children = (
				684EEE16239270C800D68EC6 /* StrawberryPieUITests.swift */,
				684EEE18239270C800D68EC6 /* Info.plist */,
			);
			path = StrawberryPieUITests;
			sourceTree = "<group>";
		};
		6A7E662A238430AD00F8340C = {
			isa = PBXGroup;
			children = (
				6A7E66672384368600F8340C /* .gitlab-ci.yml */,
				6A7E6635238430AD00F8340C /* StrawberryPie */,
				6A7E664D238430AF00F8340C /* StrawberryPieTests */,
				684EEE15239270C800D68EC6 /* StrawberryPieUITests */,
				6A7E6634238430AD00F8340C /* Products */,
				D8676E192A98880C385AA71C /* Pods */,
				DE12CC7A72B449AE856F45B9 /* Frameworks */,
			);
			sourceTree = "<group>";
		};
		6A7E6634238430AD00F8340C /* Products */ = {
			isa = PBXGroup;
			children = (
				6A7E6633238430AD00F8340C /* StrawberryPie.app */,
				6A7E664A238430AF00F8340C /* StrawberryPieTests.xctest */,
				684EEE14239270C800D68EC6 /* StrawberryPieUITests.xctest */,
			);
			name = Products;
			sourceTree = "<group>";
		};
		6A7E6635238430AD00F8340C /* StrawberryPie */ = {
			isa = PBXGroup;
			children = (
				6AE09EA62388275D0040E87E /* CoreData */,
				6ACB980823866FDD0070CCF6 /* Objects */,
				6ACB980723866FC40070CCF6 /* Components */,
				6ACB980623866FB80070CCF6 /* ViewControllers */,
				6ACB980423866F8C0070CCF6 /* Storyboards */,
				6A7E6636238430AD00F8340C /* AppDelegate.swift */,
				6A7E6640238430AF00F8340C /* Assets.xcassets */,
				6A7E6645238430AF00F8340C /* Info.plist */,
				6A7E663D238430AD00F8340C /* StrawberryPie.xcdatamodeld */,
				6A367A1B238C2D750006D64A /* RealmDB.swift */,
				6A7D3411238830630079BFB7 /* Constants.swift */,
				6AD541E2238C364A00DF16DA /* Images */,
			);
			path = StrawberryPie;
			sourceTree = "<group>";
		};
		6A7E664D238430AF00F8340C /* StrawberryPieTests */ = {
			isa = PBXGroup;
			children = (
				684EEE1E2392847B00D68EC6 /* QAControllerTest.swift */,
				6A7E664E238430AF00F8340C /* StrawberryPieTests.swift */,
				6A7E6650238430AF00F8340C /* Info.plist */,
			);
			path = StrawberryPieTests;
			sourceTree = "<group>";
		};
		6ACB980423866F8C0070CCF6 /* Storyboards */ = {
			isa = PBXGroup;
			children = (
				6AC642D42385915000E2906F /* Main.storyboard */,
				6AC642E5238593BB00E2906F /* Categories.storyboard */,
				6AC642E12385937100E2906F /* Feed.storyboard */,
				6AC642E32385939500E2906F /* Home.storyboard */,
				6AC642E7238593E100E2906F /* LoginRegister.storyboard */,
				6AC642DF2385932E00E2906F /* Profile.storyboard */,
				6A7E6642238430AF00F8340C /* LaunchScreen.storyboard */,
				6877CD29238855B700CBCEDE /* QA.storyboard */,
				689803D8238A860400FE39CF /* QaTest.storyboard */,
				6A8C5DD2238AC59600C321E5 /* Host.storyboard */,
			);
			path = Storyboards;
			sourceTree = "<group>";
		};
		6ACB980623866FB80070CCF6 /* ViewControllers */ = {
			isa = PBXGroup;
			children = (
				6A9E89E72389466A0069DE71 /* HostController.swift */,
				6A9E89E92389466A0069DE71 /* PersonalFeedController.swift */,
				6A9E89EA2389466A0069DE71 /* PrivateMessageController.swift */,
				6A9E89E82389466A0069DE71 /* QASessionController.swift */,
				68574592238940B80002A538 /* HomeController.swift */,
				6A7E6638238430AD00F8340C /* LoginRegisterController.swift */,
				6AC642CB2385892500E2906F /* ProfileController.swift */,
				6857458F238935DE0002A538 /* QAController.swift */,
				689803DA238A864F00FE39CF /* QaTest.swift */,
				6AE09EB52389508A0040E87E /* CategoryViewController.swift */,
				6AD541E4238C49AC00DF16DA /* CollectionViewCell.swift */,
				6AD541F6238EC6A700DF16DA /* CategoryContentController.swift */,
				6AACF22F2393C29B006ECBF4 /* ExpertCellController.swift */,
			);
			name = ViewControllers;
			path = StrawberryPie/ViewControllers;
			sourceTree = SOURCE_ROOT;
		};
		6ACB980723866FC40070CCF6 /* Components */ = {
			isa = PBXGroup;
			children = (
				6A9E89D7238946450069DE71 /* ChatMessageCell.swift */,
				6A9E89D5238946450069DE71 /* FeedItem.swift */,
				6A9E89D4238946450069DE71 /* FeedTable.swift */,
				6A9E89D3238946450069DE71 /* FeedTableTableViewController.swift */,
				6A9E89D6238946450069DE71 /* Hottest.swift */,
				6A9E89D2238946450069DE71 /* HottestCell.swift */,
				6A9E89D8238946450069DE71 /* QAMessageCell.swift */,
				685D424523895F2400059014 /* QaTable.swift */,
				685D424723895F3700059014 /* QaHostCardTable.swift */,
			);
			path = Components;
			sourceTree = "<group>";
		};
		6ACB980823866FDD0070CCF6 /* Objects */ = {
			isa = PBXGroup;
			children = (
				6A9E89BA2389461A0069DE71 /* Category.swift */,
				6A9E89BE2389461A0069DE71 /* Chat.swift */,
				6A9E89BF2389461A0069DE71 /* ChatMessage.swift */,
				6A9E89BD2389461A0069DE71 /* Education.swift */,
				6A9E89BC2389461A0069DE71 /* QA.swift */,
				6A9E89B7238946190069DE71 /* Intro.swift */,
				6A9E89BB2389461A0069DE71 /* profession.swift */,
				6A9E89B8238946190069DE71 /* QAMessageBoard.swift */,
				6A9E89B92389461A0069DE71 /* User.swift */,
				6ACB98092386747A0070CCF6 /* QASession.swift */,
				6AACF22B238EAEFB006ECBF4 /* ExpertFeed.swift */,
			);
			path = Objects;
			sourceTree = "<group>";
		};
		6AE09EA62388275D0040E87E /* CoreData */ = {
			isa = PBXGroup;
			children = (
				6AE09EA7238827750040E87E /* Category+CoreDataClass.swift */,
				6AE09EAC238827760040E87E /* Category+CoreDataProperties.swift */,
				6AE09EAB238827750040E87E /* Work+CoreDataClass.swift */,
				6AE09EAA238827750040E87E /* Work+CoreDataProperties.swift */,
				6AE09EA8238827750040E87E /* Studies+CoreDataClass.swift */,
				6AE09EA9238827750040E87E /* Studies+CoreDataProperties.swift */,
			);
			path = CoreData;
			sourceTree = "<group>";
		};
		D8676E192A98880C385AA71C /* Pods */ = {
			isa = PBXGroup;
			children = (
				CE07CB0B56F32CAAB48E7C6C /* Pods-StrawberryPie.debug.xcconfig */,
				EC31303FB4172628B0DEDD57 /* Pods-StrawberryPie.release.xcconfig */,
				E22A0183E24B3C2146C949F3 /* Pods-StrawberryPie-StrawberryPieUITests.debug.xcconfig */,
				180D49CC598AD12A2D22C9D2 /* Pods-StrawberryPie-StrawberryPieUITests.release.xcconfig */,
				6FE67FC2653627D51C037D95 /* Pods-StrawberryPieTests.debug.xcconfig */,
				A96B7A6FA000376F53649958 /* Pods-StrawberryPieTests.release.xcconfig */,
			);
			path = Pods;
			sourceTree = "<group>";
		};
		DE12CC7A72B449AE856F45B9 /* Frameworks */ = {
			isa = PBXGroup;
			children = (
				13D46F4DD8FE8DEC51E6DC26 /* Pods_StrawberryPie.framework */,
				D33E5455F31C152E21085EE4 /* Pods_StrawberryPie_StrawberryPieUITests.framework */,
				1DA5921CA9EEDF3C149272E5 /* Pods_StrawberryPieTests.framework */,
			);
			name = Frameworks;
			sourceTree = "<group>";
		};
/* End PBXGroup section */

/* Begin PBXNativeTarget section */
		684EEE13239270C800D68EC6 /* StrawberryPieUITests */ = {
			isa = PBXNativeTarget;
			buildConfigurationList = 684EEE1D239270C800D68EC6 /* Build configuration list for PBXNativeTarget "StrawberryPieUITests" */;
			buildPhases = (
				684EEE10239270C800D68EC6 /* Sources */,
				684EEE11239270C800D68EC6 /* Frameworks */,
				684EEE12239270C800D68EC6 /* Resources */,
			);
			buildRules = (
			);
			dependencies = (
				684EEE1A239270C800D68EC6 /* PBXTargetDependency */,
			);
			name = StrawberryPieUITests;
			productName = StrawberryPieUITests;
			productReference = 684EEE14239270C800D68EC6 /* StrawberryPieUITests.xctest */;
			productType = "com.apple.product-type.bundle.ui-testing";
		};
		6A7E6632238430AD00F8340C /* StrawberryPie */ = {
			isa = PBXNativeTarget;
			buildConfigurationList = 6A7E665E238430AF00F8340C /* Build configuration list for PBXNativeTarget "StrawberryPie" */;
			buildPhases = (
				74C2599007B140233B7A0B47 /* [CP] Check Pods Manifest.lock */,
				6A7E662F238430AD00F8340C /* Sources */,
				6A7E6630238430AD00F8340C /* Frameworks */,
				6A7E6631238430AD00F8340C /* Resources */,
				9B758BD80B368B9FF0B47916 /* [CP] Embed Pods Frameworks */,
			);
			buildRules = (
			);
			dependencies = (
			);
			name = StrawberryPie;
			productName = StrawberryPie;
			productReference = 6A7E6633238430AD00F8340C /* StrawberryPie.app */;
			productType = "com.apple.product-type.application";
		};
		6A7E6649238430AF00F8340C /* StrawberryPieTests */ = {
			isa = PBXNativeTarget;
			buildConfigurationList = 6A7E6661238430AF00F8340C /* Build configuration list for PBXNativeTarget "StrawberryPieTests" */;
			buildPhases = (
				5170783F1EB807920D457DE8 /* [CP] Check Pods Manifest.lock */,
				6A7E6646238430AF00F8340C /* Sources */,
				6A7E6647238430AF00F8340C /* Frameworks */,
				6A7E6648238430AF00F8340C /* Resources */,
			);
			buildRules = (
			);
			dependencies = (
				6A7E664C238430AF00F8340C /* PBXTargetDependency */,
			);
			name = StrawberryPieTests;
			productName = StrawberryPieTests;
			productReference = 6A7E664A238430AF00F8340C /* StrawberryPieTests.xctest */;
			productType = "com.apple.product-type.bundle.unit-test";
		};
/* End PBXNativeTarget section */

/* Begin PBXProject section */
		6A7E662B238430AD00F8340C /* Project object */ = {
			isa = PBXProject;
			attributes = {
				LastSwiftUpdateCheck = 1010;
				LastUpgradeCheck = 1010;
				ORGANIZATIONNAME = "Team Työkkäri";
				TargetAttributes = {
					684EEE13239270C800D68EC6 = {
						CreatedOnToolsVersion = 10.1;
						TestTargetID = 6A7E6632238430AD00F8340C;
					};
					6A7E6632238430AD00F8340C = {
						CreatedOnToolsVersion = 10.1;
					};
					6A7E6649238430AF00F8340C = {
						CreatedOnToolsVersion = 10.1;
						TestTargetID = 6A7E6632238430AD00F8340C;
					};
				};
			};
			buildConfigurationList = 6A7E662E238430AD00F8340C /* Build configuration list for PBXProject "StrawberryPie" */;
			compatibilityVersion = "Xcode 9.3";
			developmentRegion = en;
			hasScannedForEncodings = 0;
			knownRegions = (
				en,
				Base,
			);
			mainGroup = 6A7E662A238430AD00F8340C;
			productRefGroup = 6A7E6634238430AD00F8340C /* Products */;
			projectDirPath = "";
			projectRoot = "";
			targets = (
				6A7E6632238430AD00F8340C /* StrawberryPie */,
				6A7E6649238430AF00F8340C /* StrawberryPieTests */,
				684EEE13239270C800D68EC6 /* StrawberryPieUITests */,
			);
		};
/* End PBXProject section */

/* Begin PBXResourcesBuildPhase section */
		684EEE12239270C800D68EC6 /* Resources */ = {
			isa = PBXResourcesBuildPhase;
			buildActionMask = 2147483647;
			files = (
			);
			runOnlyForDeploymentPostprocessing = 0;
		};
		6A7E6631238430AD00F8340C /* Resources */ = {
			isa = PBXResourcesBuildPhase;
			buildActionMask = 2147483647;
			files = (
				6AD541E3238C364A00DF16DA /* Images in Resources */,
				6AC642E42385939500E2906F /* Home.storyboard in Resources */,
				6AC642E8238593E100E2906F /* LoginRegister.storyboard in Resources */,
				6A7E66682384368600F8340C /* .gitlab-ci.yml in Resources */,
				6AC642E6238593BB00E2906F /* Categories.storyboard in Resources */,
				6A8C5DD3238AC59600C321E5 /* Host.storyboard in Resources */,
				6877CD2A238855B700CBCEDE /* QA.storyboard in Resources */,
				6A7E6644238430AF00F8340C /* LaunchScreen.storyboard in Resources */,
				6AC642E22385937100E2906F /* Feed.storyboard in Resources */,
				6AC642E02385932E00E2906F /* Profile.storyboard in Resources */,
				6A7E6641238430AF00F8340C /* Assets.xcassets in Resources */,
				689803D9238A860400FE39CF /* QaTest.storyboard in Resources */,
				6AC642D62385915000E2906F /* Main.storyboard in Resources */,
			);
			runOnlyForDeploymentPostprocessing = 0;
		};
		6A7E6648238430AF00F8340C /* Resources */ = {
			isa = PBXResourcesBuildPhase;
			buildActionMask = 2147483647;
			files = (
				68B0A19C23919C8000404D7A /* Assets.xcassets in Resources */,
				68B0A19E23919C8C00404D7A /* Images in Resources */,
				6A8C5DD4238AC59600C321E5 /* Host.storyboard in Resources */,
			);
			runOnlyForDeploymentPostprocessing = 0;
		};
/* End PBXResourcesBuildPhase section */

/* Begin PBXShellScriptBuildPhase section */
		5170783F1EB807920D457DE8 /* [CP] Check Pods Manifest.lock */ = {
			isa = PBXShellScriptBuildPhase;
			buildActionMask = 2147483647;
			files = (
			);
			inputFileListPaths = (
			);
			inputPaths = (
				"${PODS_PODFILE_DIR_PATH}/Podfile.lock",
				"${PODS_ROOT}/Manifest.lock",
			);
			name = "[CP] Check Pods Manifest.lock";
			outputFileListPaths = (
			);
			outputPaths = (
				"$(DERIVED_FILE_DIR)/Pods-StrawberryPieTests-checkManifestLockResult.txt",
			);
			runOnlyForDeploymentPostprocessing = 0;
			shellPath = /bin/sh;
			shellScript = "diff \"${PODS_PODFILE_DIR_PATH}/Podfile.lock\" \"${PODS_ROOT}/Manifest.lock\" > /dev/null\nif [ $? != 0 ] ; then\n    # print error to STDERR\n    echo \"error: The sandbox is not in sync with the Podfile.lock. Run 'pod install' or update your CocoaPods installation.\" >&2\n    exit 1\nfi\n# This output is used by Xcode 'outputs' to avoid re-running this script phase.\necho \"SUCCESS\" > \"${SCRIPT_OUTPUT_FILE_0}\"\n";
			showEnvVarsInLog = 0;
		};
		74C2599007B140233B7A0B47 /* [CP] Check Pods Manifest.lock */ = {
			isa = PBXShellScriptBuildPhase;
			buildActionMask = 2147483647;
			files = (
			);
			inputFileListPaths = (
			);
			inputPaths = (
				"${PODS_PODFILE_DIR_PATH}/Podfile.lock",
				"${PODS_ROOT}/Manifest.lock",
			);
			name = "[CP] Check Pods Manifest.lock";
			outputFileListPaths = (
			);
			outputPaths = (
				"$(DERIVED_FILE_DIR)/Pods-StrawberryPie-checkManifestLockResult.txt",
			);
			runOnlyForDeploymentPostprocessing = 0;
			shellPath = /bin/sh;
			shellScript = "diff \"${PODS_PODFILE_DIR_PATH}/Podfile.lock\" \"${PODS_ROOT}/Manifest.lock\" > /dev/null\nif [ $? != 0 ] ; then\n    # print error to STDERR\n    echo \"error: The sandbox is not in sync with the Podfile.lock. Run 'pod install' or update your CocoaPods installation.\" >&2\n    exit 1\nfi\n# This output is used by Xcode 'outputs' to avoid re-running this script phase.\necho \"SUCCESS\" > \"${SCRIPT_OUTPUT_FILE_0}\"\n";
			showEnvVarsInLog = 0;
		};
		9B758BD80B368B9FF0B47916 /* [CP] Embed Pods Frameworks */ = {
			isa = PBXShellScriptBuildPhase;
			buildActionMask = 2147483647;
			files = (
			);
			inputFileListPaths = (
				"${PODS_ROOT}/Target Support Files/Pods-StrawberryPie/Pods-StrawberryPie-frameworks-${CONFIGURATION}-input-files.xcfilelist",
			);
			name = "[CP] Embed Pods Frameworks";
			outputFileListPaths = (
				"${PODS_ROOT}/Target Support Files/Pods-StrawberryPie/Pods-StrawberryPie-frameworks-${CONFIGURATION}-output-files.xcfilelist",
			);
			runOnlyForDeploymentPostprocessing = 0;
			shellPath = /bin/sh;
			shellScript = "\"${PODS_ROOT}/Target Support Files/Pods-StrawberryPie/Pods-StrawberryPie-frameworks.sh\"\n";
			showEnvVarsInLog = 0;
		};
/* End PBXShellScriptBuildPhase section */

/* Begin PBXSourcesBuildPhase section */
		684EEE10239270C800D68EC6 /* Sources */ = {
			isa = PBXSourcesBuildPhase;
			buildActionMask = 2147483647;
			files = (
				684EEE17239270C800D68EC6 /* StrawberryPieUITests.swift in Sources */,
			);
			runOnlyForDeploymentPostprocessing = 0;
		};
		6A7E662F238430AD00F8340C /* Sources */ = {
			isa = PBXSourcesBuildPhase;
			buildActionMask = 2147483647;
			files = (
				6AE09EB1238827760040E87E /* Work+CoreDataClass.swift in Sources */,
				6A9E89E5238946450069DE71 /* QAMessageCell.swift in Sources */,
				6AD541E5238C49AC00DF16DA /* CollectionViewCell.swift in Sources */,
				6AE09EB0238827760040E87E /* Work+CoreDataProperties.swift in Sources */,
				6A9E89DB238946450069DE71 /* FeedTableTableViewController.swift in Sources */,
				6A9E89CC2389461B0069DE71 /* Education.swift in Sources */,
				6A9E89C62389461B0069DE71 /* Category.swift in Sources */,
				6A9E89C22389461B0069DE71 /* QAMessageBoard.swift in Sources */,
				6A9E89C02389461B0069DE71 /* Intro.swift in Sources */,
				6A7E663F238430AD00F8340C /* StrawberryPie.xcdatamodeld in Sources */,
				6A7E6639238430AD00F8340C /* LoginRegisterController.swift in Sources */,
				6AE09EAD238827760040E87E /* Category+CoreDataClass.swift in Sources */,
				6A9E89DD238946450069DE71 /* FeedTable.swift in Sources */,
				6A9E89D02389461B0069DE71 /* ChatMessage.swift in Sources */,
				6A9E89EF2389466B0069DE71 /* PersonalFeedController.swift in Sources */,
				6A9E89DF238946450069DE71 /* FeedItem.swift in Sources */,
				6AE09EAF238827760040E87E /* Studies+CoreDataProperties.swift in Sources */,
				6AACF22C238EAEFB006ECBF4 /* ExpertFeed.swift in Sources */,
				6A9E89ED2389466B0069DE71 /* QASessionController.swift in Sources */,
				68574590238935DE0002A538 /* QAController.swift in Sources */,
				685D424623895F2400059014 /* QaTable.swift in Sources */,
				68B0A1A92391A5A000404D7A /* Studies+CoreDataClass.swift in Sources */,
				6A7D3412238830630079BFB7 /* Constants.swift in Sources */,
				6A9E89D9238946450069DE71 /* HottestCell.swift in Sources */,
				689803DB238A864F00FE39CF /* QaTest.swift in Sources */,
				6A9E89CE2389461B0069DE71 /* Chat.swift in Sources */,
				6AE09EB2238827760040E87E /* Category+CoreDataProperties.swift in Sources */,
				6AACF2302393C29B006ECBF4 /* ExpertCellController.swift in Sources */,
				6A7E6637238430AD00F8340C /* AppDelegate.swift in Sources */,
				6A9E89E3238946450069DE71 /* ChatMessageCell.swift in Sources */,
				6A9E89C82389461B0069DE71 /* profession.swift in Sources */,
				68B0A18F2391934B00404D7A /* RealmDB.swift in Sources */,
				6A9E89CA2389461B0069DE71 /* QA.swift in Sources */,
				6A9E89E1238946450069DE71 /* Hottest.swift in Sources */,
				6AD541F7238EC6A700DF16DA /* CategoryContentController.swift in Sources */,
				6A9E89C42389461B0069DE71 /* User.swift in Sources */,
				6AE09EB62389508A0040E87E /* CategoryViewController.swift in Sources */,
				6ACB980A2386747A0070CCF6 /* QASession.swift in Sources */,
				6A9E89F12389466B0069DE71 /* PrivateMessageController.swift in Sources */,
				6AC642CC2385892500E2906F /* ProfileController.swift in Sources */,
				68B0A191239193A900404D7A /* HostController.swift in Sources */,
				685D424823895F3700059014 /* QaHostCardTable.swift in Sources */,
				68574593238940B80002A538 /* HomeController.swift in Sources */,
			);
			runOnlyForDeploymentPostprocessing = 0;
		};
		6A7E6646238430AF00F8340C /* Sources */ = {
			isa = PBXSourcesBuildPhase;
			buildActionMask = 2147483647;
			files = (
				68B0A1B32391AA3D00404D7A /* StrawberryPieTests.swift in Sources */,
				684EEE1F2392847B00D68EC6 /* QAControllerTest.swift in Sources */,
			);
			runOnlyForDeploymentPostprocessing = 0;
		};
/* End PBXSourcesBuildPhase section */

/* Begin PBXTargetDependency section */
		684EEE1A239270C800D68EC6 /* PBXTargetDependency */ = {
			isa = PBXTargetDependency;
			target = 6A7E6632238430AD00F8340C /* StrawberryPie */;
			targetProxy = 684EEE19239270C800D68EC6 /* PBXContainerItemProxy */;
		};
		6A7E664C238430AF00F8340C /* PBXTargetDependency */ = {
			isa = PBXTargetDependency;
			target = 6A7E6632238430AD00F8340C /* StrawberryPie */;
			targetProxy = 6A7E664B238430AF00F8340C /* PBXContainerItemProxy */;
		};
/* End PBXTargetDependency section */

/* Begin PBXVariantGroup section */
		6A7E6642238430AF00F8340C /* LaunchScreen.storyboard */ = {
			isa = PBXVariantGroup;
			children = (
				6A7E6643238430AF00F8340C /* Base */,
			);
			name = LaunchScreen.storyboard;
			sourceTree = "<group>";
		};
		6AC642D42385915000E2906F /* Main.storyboard */ = {
			isa = PBXVariantGroup;
			children = (
				6AC642D52385915000E2906F /* Base */,
			);
			name = Main.storyboard;
			sourceTree = "<group>";
		};
/* End PBXVariantGroup section */

/* Begin XCBuildConfiguration section */
		684EEE1B239270C800D68EC6 /* Debug */ = {
			isa = XCBuildConfiguration;
			buildSettings = {
				CODE_SIGN_STYLE = Automatic;
				DEVELOPMENT_TEAM = 6P6S5UH7Z3;
				INFOPLIST_FILE = StrawberryPieUITests/Info.plist;
				LD_RUNPATH_SEARCH_PATHS = (
					"$(inherited)",
					"@executable_path/Frameworks",
					"@loader_path/Frameworks",
				);
				PRODUCT_BUNDLE_IDENTIFIER = id.StrawberryPieUITests;
				PRODUCT_NAME = "$(TARGET_NAME)";
				SWIFT_VERSION = 4.2;
				TARGETED_DEVICE_FAMILY = "1,2";
				TEST_TARGET_NAME = StrawberryPie;
			};
			name = Debug;
		};
		684EEE1C239270C800D68EC6 /* Release */ = {
			isa = XCBuildConfiguration;
			buildSettings = {
				CODE_SIGN_STYLE = Automatic;
				DEVELOPMENT_TEAM = 6P6S5UH7Z3;
				INFOPLIST_FILE = StrawberryPieUITests/Info.plist;
				LD_RUNPATH_SEARCH_PATHS = (
					"$(inherited)",
					"@executable_path/Frameworks",
					"@loader_path/Frameworks",
				);
				PRODUCT_BUNDLE_IDENTIFIER = id.StrawberryPieUITests;
				PRODUCT_NAME = "$(TARGET_NAME)";
				SWIFT_VERSION = 4.2;
				TARGETED_DEVICE_FAMILY = "1,2";
				TEST_TARGET_NAME = StrawberryPie;
			};
			name = Release;
		};
		6A7E665C238430AF00F8340C /* Debug */ = {
			isa = XCBuildConfiguration;
			buildSettings = {
				ALWAYS_SEARCH_USER_PATHS = NO;
				CLANG_ANALYZER_NONNULL = YES;
				CLANG_ANALYZER_NUMBER_OBJECT_CONVERSION = YES_AGGRESSIVE;
				CLANG_CXX_LANGUAGE_STANDARD = "gnu++14";
				CLANG_CXX_LIBRARY = "libc++";
				CLANG_ENABLE_MODULES = YES;
				CLANG_ENABLE_OBJC_ARC = YES;
				CLANG_ENABLE_OBJC_WEAK = YES;
				CLANG_WARN_BLOCK_CAPTURE_AUTORELEASING = YES;
				CLANG_WARN_BOOL_CONVERSION = YES;
				CLANG_WARN_COMMA = YES;
				CLANG_WARN_CONSTANT_CONVERSION = YES;
				CLANG_WARN_DEPRECATED_OBJC_IMPLEMENTATIONS = YES;
				CLANG_WARN_DIRECT_OBJC_ISA_USAGE = YES_ERROR;
				CLANG_WARN_DOCUMENTATION_COMMENTS = YES;
				CLANG_WARN_EMPTY_BODY = YES;
				CLANG_WARN_ENUM_CONVERSION = YES;
				CLANG_WARN_INFINITE_RECURSION = YES;
				CLANG_WARN_INT_CONVERSION = YES;
				CLANG_WARN_NON_LITERAL_NULL_CONVERSION = YES;
				CLANG_WARN_OBJC_IMPLICIT_RETAIN_SELF = YES;
				CLANG_WARN_OBJC_LITERAL_CONVERSION = YES;
				CLANG_WARN_OBJC_ROOT_CLASS = YES_ERROR;
				CLANG_WARN_RANGE_LOOP_ANALYSIS = YES;
				CLANG_WARN_STRICT_PROTOTYPES = YES;
				CLANG_WARN_SUSPICIOUS_MOVE = YES;
				CLANG_WARN_UNGUARDED_AVAILABILITY = YES_AGGRESSIVE;
				CLANG_WARN_UNREACHABLE_CODE = YES;
				CLANG_WARN__DUPLICATE_METHOD_MATCH = YES;
				CODE_SIGN_IDENTITY = "iPhone Developer";
				COPY_PHASE_STRIP = NO;
				DEBUG_INFORMATION_FORMAT = dwarf;
				ENABLE_STRICT_OBJC_MSGSEND = YES;
				ENABLE_TESTABILITY = YES;
				GCC_C_LANGUAGE_STANDARD = gnu11;
				GCC_DYNAMIC_NO_PIC = NO;
				GCC_NO_COMMON_BLOCKS = YES;
				GCC_OPTIMIZATION_LEVEL = 0;
				GCC_PREPROCESSOR_DEFINITIONS = (
					"DEBUG=1",
					"$(inherited)",
				);
				GCC_WARN_64_TO_32_BIT_CONVERSION = YES;
				GCC_WARN_ABOUT_RETURN_TYPE = YES_ERROR;
				GCC_WARN_UNDECLARED_SELECTOR = YES;
				GCC_WARN_UNINITIALIZED_AUTOS = YES_AGGRESSIVE;
				GCC_WARN_UNUSED_FUNCTION = YES;
				GCC_WARN_UNUSED_VARIABLE = YES;
				IPHONEOS_DEPLOYMENT_TARGET = 12.1;
				MTL_ENABLE_DEBUG_INFO = INCLUDE_SOURCE;
				MTL_FAST_MATH = YES;
				ONLY_ACTIVE_ARCH = YES;
				SDKROOT = iphoneos;
				SWIFT_ACTIVE_COMPILATION_CONDITIONS = DEBUG;
				SWIFT_OPTIMIZATION_LEVEL = "-Onone";
			};
			name = Debug;
		};
		6A7E665D238430AF00F8340C /* Release */ = {
			isa = XCBuildConfiguration;
			buildSettings = {
				ALWAYS_SEARCH_USER_PATHS = NO;
				CLANG_ANALYZER_NONNULL = YES;
				CLANG_ANALYZER_NUMBER_OBJECT_CONVERSION = YES_AGGRESSIVE;
				CLANG_CXX_LANGUAGE_STANDARD = "gnu++14";
				CLANG_CXX_LIBRARY = "libc++";
				CLANG_ENABLE_MODULES = YES;
				CLANG_ENABLE_OBJC_ARC = YES;
				CLANG_ENABLE_OBJC_WEAK = YES;
				CLANG_WARN_BLOCK_CAPTURE_AUTORELEASING = YES;
				CLANG_WARN_BOOL_CONVERSION = YES;
				CLANG_WARN_COMMA = YES;
				CLANG_WARN_CONSTANT_CONVERSION = YES;
				CLANG_WARN_DEPRECATED_OBJC_IMPLEMENTATIONS = YES;
				CLANG_WARN_DIRECT_OBJC_ISA_USAGE = YES_ERROR;
				CLANG_WARN_DOCUMENTATION_COMMENTS = YES;
				CLANG_WARN_EMPTY_BODY = YES;
				CLANG_WARN_ENUM_CONVERSION = YES;
				CLANG_WARN_INFINITE_RECURSION = YES;
				CLANG_WARN_INT_CONVERSION = YES;
				CLANG_WARN_NON_LITERAL_NULL_CONVERSION = YES;
				CLANG_WARN_OBJC_IMPLICIT_RETAIN_SELF = YES;
				CLANG_WARN_OBJC_LITERAL_CONVERSION = YES;
				CLANG_WARN_OBJC_ROOT_CLASS = YES_ERROR;
				CLANG_WARN_RANGE_LOOP_ANALYSIS = YES;
				CLANG_WARN_STRICT_PROTOTYPES = YES;
				CLANG_WARN_SUSPICIOUS_MOVE = YES;
				CLANG_WARN_UNGUARDED_AVAILABILITY = YES_AGGRESSIVE;
				CLANG_WARN_UNREACHABLE_CODE = YES;
				CLANG_WARN__DUPLICATE_METHOD_MATCH = YES;
				CODE_SIGN_IDENTITY = "iPhone Developer";
				COPY_PHASE_STRIP = NO;
				DEBUG_INFORMATION_FORMAT = "dwarf-with-dsym";
				ENABLE_NS_ASSERTIONS = NO;
				ENABLE_STRICT_OBJC_MSGSEND = YES;
				GCC_C_LANGUAGE_STANDARD = gnu11;
				GCC_NO_COMMON_BLOCKS = YES;
				GCC_WARN_64_TO_32_BIT_CONVERSION = YES;
				GCC_WARN_ABOUT_RETURN_TYPE = YES_ERROR;
				GCC_WARN_UNDECLARED_SELECTOR = YES;
				GCC_WARN_UNINITIALIZED_AUTOS = YES_AGGRESSIVE;
				GCC_WARN_UNUSED_FUNCTION = YES;
				GCC_WARN_UNUSED_VARIABLE = YES;
				IPHONEOS_DEPLOYMENT_TARGET = 12.1;
				MTL_ENABLE_DEBUG_INFO = NO;
				MTL_FAST_MATH = YES;
				SDKROOT = iphoneos;
				SWIFT_COMPILATION_MODE = wholemodule;
				SWIFT_OPTIMIZATION_LEVEL = "-O";
				VALIDATE_PRODUCT = YES;
			};
			name = Release;
		};
		6A7E665F238430AF00F8340C /* Debug */ = {
			isa = XCBuildConfiguration;
			baseConfigurationReference = CE07CB0B56F32CAAB48E7C6C /* Pods-StrawberryPie.debug.xcconfig */;
			buildSettings = {
				ASSETCATALOG_COMPILER_APPICON_NAME = AppIcon;
				CODE_SIGN_STYLE = Automatic;
				DEVELOPMENT_TEAM = HW4V3X5292;
				INFOPLIST_FILE = StrawberryPie/Info.plist;
				LD_RUNPATH_SEARCH_PATHS = (
					"$(inherited)",
					"@executable_path/Frameworks",
				);
				PRODUCT_BUNDLE_IDENTIFIER = com.metropolia.StrawberryPie;
				PRODUCT_NAME = "$(TARGET_NAME)";
				SWIFT_VERSION = 4.2;
				TARGETED_DEVICE_FAMILY = "1,2";
			};
			name = Debug;
		};
		6A7E6660238430AF00F8340C /* Release */ = {
			isa = XCBuildConfiguration;
			baseConfigurationReference = EC31303FB4172628B0DEDD57 /* Pods-StrawberryPie.release.xcconfig */;
			buildSettings = {
				ASSETCATALOG_COMPILER_APPICON_NAME = AppIcon;
				CODE_SIGN_STYLE = Automatic;
				DEVELOPMENT_TEAM = HW4V3X5292;
				INFOPLIST_FILE = StrawberryPie/Info.plist;
				LD_RUNPATH_SEARCH_PATHS = (
					"$(inherited)",
					"@executable_path/Frameworks",
				);
				PRODUCT_BUNDLE_IDENTIFIER = com.metropolia.StrawberryPie;
				PRODUCT_NAME = "$(TARGET_NAME)";
				SWIFT_VERSION = 4.2;
				TARGETED_DEVICE_FAMILY = "1,2";
			};
			name = Release;
		};
		6A7E6662238430AF00F8340C /* Debug */ = {
			isa = XCBuildConfiguration;
			baseConfigurationReference = 6FE67FC2653627D51C037D95 /* Pods-StrawberryPieTests.debug.xcconfig */;
			buildSettings = {
				ALWAYS_EMBED_SWIFT_STANDARD_LIBRARIES = YES;
				BUNDLE_LOADER = "$(TEST_HOST)";
				CODE_SIGN_STYLE = Automatic;
				DEVELOPMENT_TEAM = 6458786ZYK;
				INFOPLIST_FILE = StrawberryPieTests/Info.plist;
				LD_RUNPATH_SEARCH_PATHS = (
					"$(inherited)",
					"@executable_path/Frameworks",
					"@loader_path/Frameworks",
				);
				PRODUCT_BUNDLE_IDENTIFIER = com.metropolia.StrawberryPieTests;
				PRODUCT_NAME = "$(TARGET_NAME)";
				SWIFT_VERSION = 4.2;
				TARGETED_DEVICE_FAMILY = "1,2";
				TEST_HOST = "$(BUILT_PRODUCTS_DIR)/StrawberryPie.app/StrawberryPie";
			};
			name = Debug;
		};
		6A7E6663238430AF00F8340C /* Release */ = {
			isa = XCBuildConfiguration;
			baseConfigurationReference = A96B7A6FA000376F53649958 /* Pods-StrawberryPieTests.release.xcconfig */;
			buildSettings = {
				ALWAYS_EMBED_SWIFT_STANDARD_LIBRARIES = YES;
				BUNDLE_LOADER = "$(TEST_HOST)";
				CODE_SIGN_STYLE = Automatic;
				DEVELOPMENT_TEAM = 6458786ZYK;
				INFOPLIST_FILE = StrawberryPieTests/Info.plist;
				LD_RUNPATH_SEARCH_PATHS = (
					"$(inherited)",
					"@executable_path/Frameworks",
					"@loader_path/Frameworks",
				);
				PRODUCT_BUNDLE_IDENTIFIER = com.metropolia.StrawberryPieTests;
				PRODUCT_NAME = "$(TARGET_NAME)";
				SWIFT_VERSION = 4.2;
				TARGETED_DEVICE_FAMILY = "1,2";
				TEST_HOST = "$(BUILT_PRODUCTS_DIR)/StrawberryPie.app/StrawberryPie";
			};
			name = Release;
		};
/* End XCBuildConfiguration section */

/* Begin XCConfigurationList section */
		684EEE1D239270C800D68EC6 /* Build configuration list for PBXNativeTarget "StrawberryPieUITests" */ = {
			isa = XCConfigurationList;
			buildConfigurations = (
				684EEE1B239270C800D68EC6 /* Debug */,
				684EEE1C239270C800D68EC6 /* Release */,
			);
			defaultConfigurationIsVisible = 0;
			defaultConfigurationName = Release;
		};
		6A7E662E238430AD00F8340C /* Build configuration list for PBXProject "StrawberryPie" */ = {
			isa = XCConfigurationList;
			buildConfigurations = (
				6A7E665C238430AF00F8340C /* Debug */,
				6A7E665D238430AF00F8340C /* Release */,
			);
			defaultConfigurationIsVisible = 0;
			defaultConfigurationName = Release;
		};
		6A7E665E238430AF00F8340C /* Build configuration list for PBXNativeTarget "StrawberryPie" */ = {
			isa = XCConfigurationList;
			buildConfigurations = (
				6A7E665F238430AF00F8340C /* Debug */,
				6A7E6660238430AF00F8340C /* Release */,
			);
			defaultConfigurationIsVisible = 0;
			defaultConfigurationName = Release;
		};
		6A7E6661238430AF00F8340C /* Build configuration list for PBXNativeTarget "StrawberryPieTests" */ = {
			isa = XCConfigurationList;
			buildConfigurations = (
				6A7E6662238430AF00F8340C /* Debug */,
				6A7E6663238430AF00F8340C /* Release */,
			);
			defaultConfigurationIsVisible = 0;
			defaultConfigurationName = Release;
		};
/* End XCConfigurationList section */

/* Begin XCVersionGroup section */
		6A7E663D238430AD00F8340C /* StrawberryPie.xcdatamodeld */ = {
			isa = XCVersionGroup;
			children = (
				6A7E663E238430AD00F8340C /* StrawberryPie.xcdatamodel */,
			);
			currentVersion = 6A7E663E238430AD00F8340C /* StrawberryPie.xcdatamodel */;
			path = StrawberryPie.xcdatamodeld;
			sourceTree = "<group>";
			versionGroupType = wrapper.xcdatamodel;
		};
/* End XCVersionGroup section */
	};
	rootObject = 6A7E662B238430AD00F8340C /* Project object */;
}
