// !$*UTF8*$!
{
	archiveVersion = 1;
	classes = {
	};
	objectVersion = 51;
	objects = {

/* Begin PBXBuildFile section */
		5AE1A9D774B4EACF234848E1 /* Pods_StrawberryPie_StrawberryPieUITests.framework in Frameworks */ = {isa = PBXBuildFile; fileRef = D33E5455F31C152E21085EE4 /* Pods_StrawberryPie_StrawberryPieUITests.framework */; };
		63D2D57F931C466535B8CD21 /* Pods_StrawberryPieTests.framework in Frameworks */ = {isa = PBXBuildFile; fileRef = 1DA5921CA9EEDF3C149272E5 /* Pods_StrawberryPieTests.framework */; };
		6877CD2A238855B700CBCEDE /* QA.storyboard in Resources */ = {isa = PBXBuildFile; fileRef = 6877CD29238855B700CBCEDE /* QA.storyboard */; };
		6A7D3412238830630079BFB7 /* Constants.swift in Sources */ = {isa = PBXBuildFile; fileRef = 6A7D3411238830630079BFB7 /* Constants.swift */; };
		6A7E6637238430AD00F8340C /* AppDelegate.swift in Sources */ = {isa = PBXBuildFile; fileRef = 6A7E6636238430AD00F8340C /* AppDelegate.swift */; };
		6A7E6639238430AD00F8340C /* LoginRegisterController.swift in Sources */ = {isa = PBXBuildFile; fileRef = 6A7E6638238430AD00F8340C /* LoginRegisterController.swift */; };
		6A7E663F238430AD00F8340C /* StrawberryPie.xcdatamodeld in Sources */ = {isa = PBXBuildFile; fileRef = 6A7E663D238430AD00F8340C /* StrawberryPie.xcdatamodeld */; };
		6A7E6641238430AF00F8340C /* Assets.xcassets in Resources */ = {isa = PBXBuildFile; fileRef = 6A7E6640238430AF00F8340C /* Assets.xcassets */; };
		6A7E6644238430AF00F8340C /* LaunchScreen.storyboard in Resources */ = {isa = PBXBuildFile; fileRef = 6A7E6642238430AF00F8340C /* LaunchScreen.storyboard */; };
		6A7E664F238430AF00F8340C /* StrawberryPieTests.swift in Sources */ = {isa = PBXBuildFile; fileRef = 6A7E664E238430AF00F8340C /* StrawberryPieTests.swift */; };
		6A7E665A238430AF00F8340C /* StrawberryPieUITests.swift in Sources */ = {isa = PBXBuildFile; fileRef = 6A7E6659238430AF00F8340C /* StrawberryPieUITests.swift */; };
		6A7E66682384368600F8340C /* .gitlab-ci.yml in Resources */ = {isa = PBXBuildFile; fileRef = 6A7E66672384368600F8340C /* .gitlab-ci.yml */; };
		6AC642CC2385892500E2906F /* ProfileController.swift in Sources */ = {isa = PBXBuildFile; fileRef = 6AC642CB2385892500E2906F /* ProfileController.swift */; };
		6AC642D62385915000E2906F /* Main.storyboard in Resources */ = {isa = PBXBuildFile; fileRef = 6AC642D42385915000E2906F /* Main.storyboard */; };
		6AC642E02385932E00E2906F /* Profile.storyboard in Resources */ = {isa = PBXBuildFile; fileRef = 6AC642DF2385932E00E2906F /* Profile.storyboard */; };
		6AC642E22385937100E2906F /* Feed.storyboard in Resources */ = {isa = PBXBuildFile; fileRef = 6AC642E12385937100E2906F /* Feed.storyboard */; };
		6AC642E42385939500E2906F /* Home.storyboard in Resources */ = {isa = PBXBuildFile; fileRef = 6AC642E32385939500E2906F /* Home.storyboard */; };
		6AC642E6238593BB00E2906F /* Categories.storyboard in Resources */ = {isa = PBXBuildFile; fileRef = 6AC642E5238593BB00E2906F /* Categories.storyboard */; };
		6AC642E8238593E100E2906F /* LoginRegister.storyboard in Resources */ = {isa = PBXBuildFile; fileRef = 6AC642E7238593E100E2906F /* LoginRegister.storyboard */; };
		6ACB980A2386747A0070CCF6 /* QASession.swift in Sources */ = {isa = PBXBuildFile; fileRef = 6ACB98092386747A0070CCF6 /* QASession.swift */; };
		6ACB980B2386747A0070CCF6 /* QASession.swift in Sources */ = {isa = PBXBuildFile; fileRef = 6ACB98092386747A0070CCF6 /* QASession.swift */; };
		6ACB980C2386747A0070CCF6 /* QASession.swift in Sources */ = {isa = PBXBuildFile; fileRef = 6ACB98092386747A0070CCF6 /* QASession.swift */; };
		6ACB980E238674AD0070CCF6 /* ChatMessage.swift in Sources */ = {isa = PBXBuildFile; fileRef = 6ACB980D238674AD0070CCF6 /* ChatMessage.swift */; };
		6ACB980F238674AD0070CCF6 /* ChatMessage.swift in Sources */ = {isa = PBXBuildFile; fileRef = 6ACB980D238674AD0070CCF6 /* ChatMessage.swift */; };
		6ACB9810238674AD0070CCF6 /* ChatMessage.swift in Sources */ = {isa = PBXBuildFile; fileRef = 6ACB980D238674AD0070CCF6 /* ChatMessage.swift */; };
		6AE09EAD238827760040E87E /* Category+CoreDataClass.swift in Sources */ = {isa = PBXBuildFile; fileRef = 6AE09EA7238827750040E87E /* Category+CoreDataClass.swift */; };
		6AE09EAE238827760040E87E /* Studies+CoreDataClass.swift in Sources */ = {isa = PBXBuildFile; fileRef = 6AE09EA8238827750040E87E /* Studies+CoreDataClass.swift */; };
		6AE09EAF238827760040E87E /* Studies+CoreDataProperties.swift in Sources */ = {isa = PBXBuildFile; fileRef = 6AE09EA9238827750040E87E /* Studies+CoreDataProperties.swift */; };
		6AE09EB0238827760040E87E /* Work+CoreDataProperties.swift in Sources */ = {isa = PBXBuildFile; fileRef = 6AE09EAA238827750040E87E /* Work+CoreDataProperties.swift */; };
		6AE09EB1238827760040E87E /* Work+CoreDataClass.swift in Sources */ = {isa = PBXBuildFile; fileRef = 6AE09EAB238827750040E87E /* Work+CoreDataClass.swift */; };
		6AE09EB2238827760040E87E /* Category+CoreDataProperties.swift in Sources */ = {isa = PBXBuildFile; fileRef = 6AE09EAC238827760040E87E /* Category+CoreDataProperties.swift */; };
		BFC9BD0A46682C914BB4736A /* Pods_StrawberryPie.framework in Frameworks */ = {isa = PBXBuildFile; fileRef = 13D46F4DD8FE8DEC51E6DC26 /* Pods_StrawberryPie.framework */; };
/* End PBXBuildFile section */

/* Begin PBXContainerItemProxy section */
		6A7E664B238430AF00F8340C /* PBXContainerItemProxy */ = {
			isa = PBXContainerItemProxy;
			containerPortal = 6A7E662B238430AD00F8340C /* Project object */;
			proxyType = 1;
			remoteGlobalIDString = 6A7E6632238430AD00F8340C;
			remoteInfo = StrawberryPie;
		};
		6A7E6656238430AF00F8340C /* PBXContainerItemProxy */ = {
			isa = PBXContainerItemProxy;
			containerPortal = 6A7E662B238430AD00F8340C /* Project object */;
			proxyType = 1;
			remoteGlobalIDString = 6A7E6632238430AD00F8340C;
			remoteInfo = StrawberryPie;
		};
/* End PBXContainerItemProxy section */

/* Begin PBXFileReference section */
		13D46F4DD8FE8DEC51E6DC26 /* Pods_StrawberryPie.framework */ = {isa = PBXFileReference; explicitFileType = wrapper.framework; includeInIndex = 0; path = Pods_StrawberryPie.framework; sourceTree = BUILT_PRODUCTS_DIR; };
		180D49CC598AD12A2D22C9D2 /* Pods-StrawberryPie-StrawberryPieUITests.release.xcconfig */ = {isa = PBXFileReference; includeInIndex = 1; lastKnownFileType = text.xcconfig; name = "Pods-StrawberryPie-StrawberryPieUITests.release.xcconfig"; path = "Target Support Files/Pods-StrawberryPie-StrawberryPieUITests/Pods-StrawberryPie-StrawberryPieUITests.release.xcconfig"; sourceTree = "<group>"; };
		1DA5921CA9EEDF3C149272E5 /* Pods_StrawberryPieTests.framework */ = {isa = PBXFileReference; explicitFileType = wrapper.framework; includeInIndex = 0; path = Pods_StrawberryPieTests.framework; sourceTree = BUILT_PRODUCTS_DIR; };
		6877CD29238855B700CBCEDE /* QA.storyboard */ = {isa = PBXFileReference; lastKnownFileType = file.storyboard; path = QA.storyboard; sourceTree = "<group>"; };
		6A7D3411238830630079BFB7 /* Constants.swift */ = {isa = PBXFileReference; lastKnownFileType = sourcecode.swift; path = Constants.swift; sourceTree = "<group>"; };
		6A7E6633238430AD00F8340C /* StrawberryPie.app */ = {isa = PBXFileReference; explicitFileType = wrapper.application; includeInIndex = 0; path = StrawberryPie.app; sourceTree = BUILT_PRODUCTS_DIR; };
		6A7E6636238430AD00F8340C /* AppDelegate.swift */ = {isa = PBXFileReference; lastKnownFileType = sourcecode.swift; path = AppDelegate.swift; sourceTree = "<group>"; };
		6A7E6638238430AD00F8340C /* LoginRegisterController.swift */ = {isa = PBXFileReference; lastKnownFileType = sourcecode.swift; path = LoginRegisterController.swift; sourceTree = "<group>"; };
		6A7E663E238430AD00F8340C /* StrawberryPie.xcdatamodel */ = {isa = PBXFileReference; lastKnownFileType = wrapper.xcdatamodel; path = StrawberryPie.xcdatamodel; sourceTree = "<group>"; };
		6A7E6640238430AF00F8340C /* Assets.xcassets */ = {isa = PBXFileReference; lastKnownFileType = folder.assetcatalog; path = Assets.xcassets; sourceTree = "<group>"; };
		6A7E6643238430AF00F8340C /* Base */ = {isa = PBXFileReference; lastKnownFileType = file.storyboard; name = Base; path = Base.lproj/LaunchScreen.storyboard; sourceTree = "<group>"; };
		6A7E6645238430AF00F8340C /* Info.plist */ = {isa = PBXFileReference; lastKnownFileType = text.plist.xml; path = Info.plist; sourceTree = "<group>"; };
		6A7E664A238430AF00F8340C /* StrawberryPieTests.xctest */ = {isa = PBXFileReference; explicitFileType = wrapper.cfbundle; includeInIndex = 0; path = StrawberryPieTests.xctest; sourceTree = BUILT_PRODUCTS_DIR; };
		6A7E664E238430AF00F8340C /* StrawberryPieTests.swift */ = {isa = PBXFileReference; lastKnownFileType = sourcecode.swift; path = StrawberryPieTests.swift; sourceTree = "<group>"; };
		6A7E6650238430AF00F8340C /* Info.plist */ = {isa = PBXFileReference; lastKnownFileType = text.plist.xml; path = Info.plist; sourceTree = "<group>"; };
		6A7E6655238430AF00F8340C /* StrawberryPieUITests.xctest */ = {isa = PBXFileReference; explicitFileType = wrapper.cfbundle; includeInIndex = 0; path = StrawberryPieUITests.xctest; sourceTree = BUILT_PRODUCTS_DIR; };
		6A7E6659238430AF00F8340C /* StrawberryPieUITests.swift */ = {isa = PBXFileReference; lastKnownFileType = sourcecode.swift; path = StrawberryPieUITests.swift; sourceTree = "<group>"; };
		6A7E665B238430AF00F8340C /* Info.plist */ = {isa = PBXFileReference; lastKnownFileType = text.plist.xml; path = Info.plist; sourceTree = "<group>"; };
		6A7E66672384368600F8340C /* .gitlab-ci.yml */ = {isa = PBXFileReference; lastKnownFileType = text; path = ".gitlab-ci.yml"; sourceTree = "<group>"; };
		6AC642CB2385892500E2906F /* ProfileController.swift */ = {isa = PBXFileReference; lastKnownFileType = sourcecode.swift; path = ProfileController.swift; sourceTree = "<group>"; };
		6AC642D52385915000E2906F /* Base */ = {isa = PBXFileReference; lastKnownFileType = file.storyboard; name = Base; path = Base.lproj/Main.storyboard; sourceTree = "<group>"; };
		6AC642DF2385932E00E2906F /* Profile.storyboard */ = {isa = PBXFileReference; fileEncoding = 4; lastKnownFileType = file.storyboard; path = Profile.storyboard; sourceTree = "<group>"; };
		6AC642E12385937100E2906F /* Feed.storyboard */ = {isa = PBXFileReference; fileEncoding = 4; lastKnownFileType = file.storyboard; path = Feed.storyboard; sourceTree = "<group>"; };
		6AC642E32385939500E2906F /* Home.storyboard */ = {isa = PBXFileReference; fileEncoding = 4; lastKnownFileType = file.storyboard; path = Home.storyboard; sourceTree = "<group>"; };
		6AC642E5238593BB00E2906F /* Categories.storyboard */ = {isa = PBXFileReference; fileEncoding = 4; lastKnownFileType = file.storyboard; path = Categories.storyboard; sourceTree = "<group>"; };
		6AC642E7238593E100E2906F /* LoginRegister.storyboard */ = {isa = PBXFileReference; fileEncoding = 4; lastKnownFileType = file.storyboard; path = LoginRegister.storyboard; sourceTree = "<group>"; };
		6ACB98092386747A0070CCF6 /* QASession.swift */ = {isa = PBXFileReference; lastKnownFileType = sourcecode.swift; path = QASession.swift; sourceTree = "<group>"; };
		6ACB980D238674AD0070CCF6 /* ChatMessage.swift */ = {isa = PBXFileReference; lastKnownFileType = sourcecode.swift; path = ChatMessage.swift; sourceTree = "<group>"; };
		6AE09EA7238827750040E87E /* Category+CoreDataClass.swift */ = {isa = PBXFileReference; fileEncoding = 4; lastKnownFileType = sourcecode.swift; path = "Category+CoreDataClass.swift"; sourceTree = "<group>"; };
		6AE09EA8238827750040E87E /* Studies+CoreDataClass.swift */ = {isa = PBXFileReference; fileEncoding = 4; lastKnownFileType = sourcecode.swift; path = "Studies+CoreDataClass.swift"; sourceTree = "<group>"; };
		6AE09EA9238827750040E87E /* Studies+CoreDataProperties.swift */ = {isa = PBXFileReference; fileEncoding = 4; lastKnownFileType = sourcecode.swift; path = "Studies+CoreDataProperties.swift"; sourceTree = "<group>"; };
		6AE09EAA238827750040E87E /* Work+CoreDataProperties.swift */ = {isa = PBXFileReference; fileEncoding = 4; lastKnownFileType = sourcecode.swift; path = "Work+CoreDataProperties.swift"; sourceTree = "<group>"; };
		6AE09EAB238827750040E87E /* Work+CoreDataClass.swift */ = {isa = PBXFileReference; fileEncoding = 4; lastKnownFileType = sourcecode.swift; path = "Work+CoreDataClass.swift"; sourceTree = "<group>"; };
		6AE09EAC238827760040E87E /* Category+CoreDataProperties.swift */ = {isa = PBXFileReference; fileEncoding = 4; lastKnownFileType = sourcecode.swift; path = "Category+CoreDataProperties.swift"; sourceTree = "<group>"; };
		6FE67FC2653627D51C037D95 /* Pods-StrawberryPieTests.debug.xcconfig */ = {isa = PBXFileReference; includeInIndex = 1; lastKnownFileType = text.xcconfig; name = "Pods-StrawberryPieTests.debug.xcconfig"; path = "Target Support Files/Pods-StrawberryPieTests/Pods-StrawberryPieTests.debug.xcconfig"; sourceTree = "<group>"; };
		A96B7A6FA000376F53649958 /* Pods-StrawberryPieTests.release.xcconfig */ = {isa = PBXFileReference; includeInIndex = 1; lastKnownFileType = text.xcconfig; name = "Pods-StrawberryPieTests.release.xcconfig"; path = "Target Support Files/Pods-StrawberryPieTests/Pods-StrawberryPieTests.release.xcconfig"; sourceTree = "<group>"; };
		CE07CB0B56F32CAAB48E7C6C /* Pods-StrawberryPie.debug.xcconfig */ = {isa = PBXFileReference; includeInIndex = 1; lastKnownFileType = text.xcconfig; name = "Pods-StrawberryPie.debug.xcconfig"; path = "Target Support Files/Pods-StrawberryPie/Pods-StrawberryPie.debug.xcconfig"; sourceTree = "<group>"; };
		D33E5455F31C152E21085EE4 /* Pods_StrawberryPie_StrawberryPieUITests.framework */ = {isa = PBXFileReference; explicitFileType = wrapper.framework; includeInIndex = 0; path = Pods_StrawberryPie_StrawberryPieUITests.framework; sourceTree = BUILT_PRODUCTS_DIR; };
		E22A0183E24B3C2146C949F3 /* Pods-StrawberryPie-StrawberryPieUITests.debug.xcconfig */ = {isa = PBXFileReference; includeInIndex = 1; lastKnownFileType = text.xcconfig; name = "Pods-StrawberryPie-StrawberryPieUITests.debug.xcconfig"; path = "Target Support Files/Pods-StrawberryPie-StrawberryPieUITests/Pods-StrawberryPie-StrawberryPieUITests.debug.xcconfig"; sourceTree = "<group>"; };
		EC31303FB4172628B0DEDD57 /* Pods-StrawberryPie.release.xcconfig */ = {isa = PBXFileReference; includeInIndex = 1; lastKnownFileType = text.xcconfig; name = "Pods-StrawberryPie.release.xcconfig"; path = "Target Support Files/Pods-StrawberryPie/Pods-StrawberryPie.release.xcconfig"; sourceTree = "<group>"; };
/* End PBXFileReference section */

/* Begin PBXFrameworksBuildPhase section */
		6A7E6630238430AD00F8340C /* Frameworks */ = {
			isa = PBXFrameworksBuildPhase;
			buildActionMask = 2147483647;
			files = (
				BFC9BD0A46682C914BB4736A /* Pods_StrawberryPie.framework in Frameworks */,
			);
			runOnlyForDeploymentPostprocessing = 0;
		};
		6A7E6647238430AF00F8340C /* Frameworks */ = {
			isa = PBXFrameworksBuildPhase;
			buildActionMask = 2147483647;
			files = (
				63D2D57F931C466535B8CD21 /* Pods_StrawberryPieTests.framework in Frameworks */,
			);
			runOnlyForDeploymentPostprocessing = 0;
		};
		6A7E6652238430AF00F8340C /* Frameworks */ = {
			isa = PBXFrameworksBuildPhase;
			buildActionMask = 2147483647;
			files = (
				5AE1A9D774B4EACF234848E1 /* Pods_StrawberryPie_StrawberryPieUITests.framework in Frameworks */,
			);
			runOnlyForDeploymentPostprocessing = 0;
		};
/* End PBXFrameworksBuildPhase section */

/* Begin PBXGroup section */
		6A7E662A238430AD00F8340C = {
			isa = PBXGroup;
			children = (
				6A7E66672384368600F8340C /* .gitlab-ci.yml */,
				6A7E6635238430AD00F8340C /* StrawberryPie */,
				6A7E664D238430AF00F8340C /* StrawberryPieTests */,
				6A7E6658238430AF00F8340C /* StrawberryPieUITests */,
				6A7E6634238430AD00F8340C /* Products */,
				D8676E192A98880C385AA71C /* Pods */,
				DE12CC7A72B449AE856F45B9 /* Frameworks */,
			);
			sourceTree = "<group>";
		};
		6A7E6634238430AD00F8340C /* Products */ = {
			isa = PBXGroup;
			children = (
				6A7E6633238430AD00F8340C /* StrawberryPie.app */,
				6A7E664A238430AF00F8340C /* StrawberryPieTests.xctest */,
				6A7E6655238430AF00F8340C /* StrawberryPieUITests.xctest */,
			);
			name = Products;
			sourceTree = "<group>";
		};
		6A7E6635238430AD00F8340C /* StrawberryPie */ = {
			isa = PBXGroup;
			children = (
				6AE09EA62388275D0040E87E /* CoreData */,
				6ACB980823866FDD0070CCF6 /* Objects */,
				6ACB980723866FC40070CCF6 /* Components */,
				6ACB980623866FB80070CCF6 /* ViewControllers */,
				6ACB980423866F8C0070CCF6 /* Storyboards */,
				6A7E6636238430AD00F8340C /* AppDelegate.swift */,
				6A7E6640238430AF00F8340C /* Assets.xcassets */,
				6A7E6645238430AF00F8340C /* Info.plist */,
				6A7E663D238430AD00F8340C /* StrawberryPie.xcdatamodeld */,
				6A7D3411238830630079BFB7 /* Constants.swift */,
			);
			path = StrawberryPie;
			sourceTree = "<group>";
		};
		6A7E664D238430AF00F8340C /* StrawberryPieTests */ = {
			isa = PBXGroup;
			children = (
				6A7E664E238430AF00F8340C /* StrawberryPieTests.swift */,
				6A7E6650238430AF00F8340C /* Info.plist */,
			);
			path = StrawberryPieTests;
			sourceTree = "<group>";
		};
		6A7E6658238430AF00F8340C /* StrawberryPieUITests */ = {
			isa = PBXGroup;
			children = (
				6A7E6659238430AF00F8340C /* StrawberryPieUITests.swift */,
				6A7E665B238430AF00F8340C /* Info.plist */,
			);
			path = StrawberryPieUITests;
			sourceTree = "<group>";
		};
		6ACB980423866F8C0070CCF6 /* Storyboards */ = {
			isa = PBXGroup;
			children = (
				6AC642D42385915000E2906F /* Main.storyboard */,
				6AC642E5238593BB00E2906F /* Categories.storyboard */,
				6AC642E12385937100E2906F /* Feed.storyboard */,
				6AC642E32385939500E2906F /* Home.storyboard */,
				6AC642E7238593E100E2906F /* LoginRegister.storyboard */,
				6AC642DF2385932E00E2906F /* Profile.storyboard */,
				6A7E6642238430AF00F8340C /* LaunchScreen.storyboard */,
				6877CD29238855B700CBCEDE /* QA.storyboard */,
			);
			path = Storyboards;
			sourceTree = "<group>";
		};
		6ACB980623866FB80070CCF6 /* ViewControllers */ = {
			isa = PBXGroup;
			children = (
				6A7E6638238430AD00F8340C /* LoginRegisterController.swift */,
				6AC642CB2385892500E2906F /* ProfileController.swift */,
			);
			path = ViewControllers;
			sourceTree = "<group>";
		};
		6ACB980723866FC40070CCF6 /* Components */ = {
			isa = PBXGroup;
			children = (
				6ACB980D238674AD0070CCF6 /* ChatMessage.swift */,
			);
			path = Components;
			sourceTree = "<group>";
		};
		6ACB980823866FDD0070CCF6 /* Objects */ = {
			isa = PBXGroup;
			children = (
				6ACB98092386747A0070CCF6 /* QASession.swift */,
			);
			path = Objects;
			sourceTree = "<group>";
		};
		6AE09EA62388275D0040E87E /* CoreData */ = {
			isa = PBXGroup;
			children = (
				6AE09EA7238827750040E87E /* Category+CoreDataClass.swift */,
				6AE09EAC238827760040E87E /* Category+CoreDataProperties.swift */,
				6AE09EAB238827750040E87E /* Work+CoreDataClass.swift */,
				6AE09EAA238827750040E87E /* Work+CoreDataProperties.swift */,
				6AE09EA8238827750040E87E /* Studies+CoreDataClass.swift */,
				6AE09EA9238827750040E87E /* Studies+CoreDataProperties.swift */,
			);
			path = CoreData;
			sourceTree = "<group>";
		};
		D8676E192A98880C385AA71C /* Pods */ = {
			isa = PBXGroup;
			children = (
				CE07CB0B56F32CAAB48E7C6C /* Pods-StrawberryPie.debug.xcconfig */,
				EC31303FB4172628B0DEDD57 /* Pods-StrawberryPie.release.xcconfig */,
				E22A0183E24B3C2146C949F3 /* Pods-StrawberryPie-StrawberryPieUITests.debug.xcconfig */,
				180D49CC598AD12A2D22C9D2 /* Pods-StrawberryPie-StrawberryPieUITests.release.xcconfig */,
				6FE67FC2653627D51C037D95 /* Pods-StrawberryPieTests.debug.xcconfig */,
				A96B7A6FA000376F53649958 /* Pods-StrawberryPieTests.release.xcconfig */,
			);
			path = Pods;
			sourceTree = "<group>";
		};
		DE12CC7A72B449AE856F45B9 /* Frameworks */ = {
			isa = PBXGroup;
			children = (
				13D46F4DD8FE8DEC51E6DC26 /* Pods_StrawberryPie.framework */,
				D33E5455F31C152E21085EE4 /* Pods_StrawberryPie_StrawberryPieUITests.framework */,
				1DA5921CA9EEDF3C149272E5 /* Pods_StrawberryPieTests.framework */,
			);
			name = Frameworks;
			sourceTree = "<group>";
		};
/* End PBXGroup section */

/* Begin PBXNativeTarget section */
		6A7E6632238430AD00F8340C /* StrawberryPie */ = {
			isa = PBXNativeTarget;
			buildConfigurationList = 6A7E665E238430AF00F8340C /* Build configuration list for PBXNativeTarget "StrawberryPie" */;
			buildPhases = (
				74C2599007B140233B7A0B47 /* [CP] Check Pods Manifest.lock */,
				6A7E662F238430AD00F8340C /* Sources */,
				6A7E6630238430AD00F8340C /* Frameworks */,
				6A7E6631238430AD00F8340C /* Resources */,
				9B758BD80B368B9FF0B47916 /* [CP] Embed Pods Frameworks */,
			);
			buildRules = (
			);
			dependencies = (
			);
			name = StrawberryPie;
			productName = StrawberryPie;
			productReference = 6A7E6633238430AD00F8340C /* StrawberryPie.app */;
			productType = "com.apple.product-type.application";
		};
		6A7E6649238430AF00F8340C /* StrawberryPieTests */ = {
			isa = PBXNativeTarget;
			buildConfigurationList = 6A7E6661238430AF00F8340C /* Build configuration list for PBXNativeTarget "StrawberryPieTests" */;
			buildPhases = (
				5170783F1EB807920D457DE8 /* [CP] Check Pods Manifest.lock */,
				6A7E6646238430AF00F8340C /* Sources */,
				6A7E6647238430AF00F8340C /* Frameworks */,
				6A7E6648238430AF00F8340C /* Resources */,
			);
			buildRules = (
			);
			dependencies = (
				6A7E664C238430AF00F8340C /* PBXTargetDependency */,
			);
			name = StrawberryPieTests;
			productName = StrawberryPieTests;
			productReference = 6A7E664A238430AF00F8340C /* StrawberryPieTests.xctest */;
			productType = "com.apple.product-type.bundle.unit-test";
		};
		6A7E6654238430AF00F8340C /* StrawberryPieUITests */ = {
			isa = PBXNativeTarget;
			buildConfigurationList = 6A7E6664238430AF00F8340C /* Build configuration list for PBXNativeTarget "StrawberryPieUITests" */;
			buildPhases = (
				ADC2A9EA4EC8AD913CCADA20 /* [CP] Check Pods Manifest.lock */,
				6A7E6651238430AF00F8340C /* Sources */,
				6A7E6652238430AF00F8340C /* Frameworks */,
				6A7E6653238430AF00F8340C /* Resources */,
				71F9019C138066EA2245F0EF /* [CP] Embed Pods Frameworks */,
			);
			buildRules = (
			);
			dependencies = (
				6A7E6657238430AF00F8340C /* PBXTargetDependency */,
			);
			name = StrawberryPieUITests;
			productName = StrawberryPieUITests;
			productReference = 6A7E6655238430AF00F8340C /* StrawberryPieUITests.xctest */;
			productType = "com.apple.product-type.bundle.ui-testing";
		};
/* End PBXNativeTarget section */

/* Begin PBXProject section */
		6A7E662B238430AD00F8340C /* Project object */ = {
			isa = PBXProject;
			attributes = {
				LastSwiftUpdateCheck = 1010;
				LastUpgradeCheck = 1010;
				ORGANIZATIONNAME = "Team Työkkäri";
				TargetAttributes = {
					6A7E6632238430AD00F8340C = {
						CreatedOnToolsVersion = 10.1;
					};
					6A7E6649238430AF00F8340C = {
						CreatedOnToolsVersion = 10.1;
						TestTargetID = 6A7E6632238430AD00F8340C;
					};
					6A7E6654238430AF00F8340C = {
						CreatedOnToolsVersion = 10.1;
						TestTargetID = 6A7E6632238430AD00F8340C;
					};
				};
			};
			buildConfigurationList = 6A7E662E238430AD00F8340C /* Build configuration list for PBXProject "StrawberryPie" */;
			compatibilityVersion = "Xcode 9.3";
			developmentRegion = en;
			hasScannedForEncodings = 0;
			knownRegions = (
				en,
				Base,
			);
			mainGroup = 6A7E662A238430AD00F8340C;
			productRefGroup = 6A7E6634238430AD00F8340C /* Products */;
			projectDirPath = "";
			projectRoot = "";
			targets = (
				6A7E6632238430AD00F8340C /* StrawberryPie */,
				6A7E6649238430AF00F8340C /* StrawberryPieTests */,
				6A7E6654238430AF00F8340C /* StrawberryPieUITests */,
			);
		};
/* End PBXProject section */

/* Begin PBXResourcesBuildPhase section */
		6A7E6631238430AD00F8340C /* Resources */ = {
			isa = PBXResourcesBuildPhase;
			buildActionMask = 2147483647;
			files = (
				6AC642E42385939500E2906F /* Home.storyboard in Resources */,
				6AC642E8238593E100E2906F /* LoginRegister.storyboard in Resources */,
				6A7E66682384368600F8340C /* .gitlab-ci.yml in Resources */,
				6AC642E6238593BB00E2906F /* Categories.storyboard in Resources */,
				6877CD2A238855B700CBCEDE /* QA.storyboard in Resources */,
				6A7E6644238430AF00F8340C /* LaunchScreen.storyboard in Resources */,
				6AC642E22385937100E2906F /* Feed.storyboard in Resources */,
				6AC642E02385932E00E2906F /* Profile.storyboard in Resources */,
				6A7E6641238430AF00F8340C /* Assets.xcassets in Resources */,
				6AC642D62385915000E2906F /* Main.storyboard in Resources */,
			);
			runOnlyForDeploymentPostprocessing = 0;
		};
		6A7E6648238430AF00F8340C /* Resources */ = {
			isa = PBXResourcesBuildPhase;
			buildActionMask = 2147483647;
			files = (
			);
			runOnlyForDeploymentPostprocessing = 0;
		};
		6A7E6653238430AF00F8340C /* Resources */ = {
			isa = PBXResourcesBuildPhase;
			buildActionMask = 2147483647;
			files = (
			);
			runOnlyForDeploymentPostprocessing = 0;
		};
/* End PBXResourcesBuildPhase section */

/* Begin PBXShellScriptBuildPhase section */
		5170783F1EB807920D457DE8 /* [CP] Check Pods Manifest.lock */ = {
			isa = PBXShellScriptBuildPhase;
			buildActionMask = 2147483647;
			files = (
			);
			inputFileListPaths = (
			);
			inputPaths = (
				"${PODS_PODFILE_DIR_PATH}/Podfile.lock",
				"${PODS_ROOT}/Manifest.lock",
			);
			name = "[CP] Check Pods Manifest.lock";
			outputFileListPaths = (
			);
			outputPaths = (
				"$(DERIVED_FILE_DIR)/Pods-StrawberryPieTests-checkManifestLockResult.txt",
			);
			runOnlyForDeploymentPostprocessing = 0;
			shellPath = /bin/sh;
			shellScript = "diff \"${PODS_PODFILE_DIR_PATH}/Podfile.lock\" \"${PODS_ROOT}/Manifest.lock\" > /dev/null\nif [ $? != 0 ] ; then\n    # print error to STDERR\n    echo \"error: The sandbox is not in sync with the Podfile.lock. Run 'pod install' or update your CocoaPods installation.\" >&2\n    exit 1\nfi\n# This output is used by Xcode 'outputs' to avoid re-running this script phase.\necho \"SUCCESS\" > \"${SCRIPT_OUTPUT_FILE_0}\"\n";
			showEnvVarsInLog = 0;
		};
		71F9019C138066EA2245F0EF /* [CP] Embed Pods Frameworks */ = {
			isa = PBXShellScriptBuildPhase;
			buildActionMask = 2147483647;
			files = (
			);
			inputFileListPaths = (
				"${PODS_ROOT}/Target Support Files/Pods-StrawberryPie-StrawberryPieUITests/Pods-StrawberryPie-StrawberryPieUITests-frameworks-${CONFIGURATION}-input-files.xcfilelist",
			);
			name = "[CP] Embed Pods Frameworks";
			outputFileListPaths = (
				"${PODS_ROOT}/Target Support Files/Pods-StrawberryPie-StrawberryPieUITests/Pods-StrawberryPie-StrawberryPieUITests-frameworks-${CONFIGURATION}-output-files.xcfilelist",
			);
			runOnlyForDeploymentPostprocessing = 0;
			shellPath = /bin/sh;
			shellScript = "\"${PODS_ROOT}/Target Support Files/Pods-StrawberryPie-StrawberryPieUITests/Pods-StrawberryPie-StrawberryPieUITests-frameworks.sh\"\n";
			showEnvVarsInLog = 0;
		};
		74C2599007B140233B7A0B47 /* [CP] Check Pods Manifest.lock */ = {
			isa = PBXShellScriptBuildPhase;
			buildActionMask = 2147483647;
			files = (
			);
			inputFileListPaths = (
			);
			inputPaths = (
				"${PODS_PODFILE_DIR_PATH}/Podfile.lock",
				"${PODS_ROOT}/Manifest.lock",
			);
			name = "[CP] Check Pods Manifest.lock";
			outputFileListPaths = (
			);
			outputPaths = (
				"$(DERIVED_FILE_DIR)/Pods-StrawberryPie-checkManifestLockResult.txt",
			);
			runOnlyForDeploymentPostprocessing = 0;
			shellPath = /bin/sh;
			shellScript = "diff \"${PODS_PODFILE_DIR_PATH}/Podfile.lock\" \"${PODS_ROOT}/Manifest.lock\" > /dev/null\nif [ $? != 0 ] ; then\n    # print error to STDERR\n    echo \"error: The sandbox is not in sync with the Podfile.lock. Run 'pod install' or update your CocoaPods installation.\" >&2\n    exit 1\nfi\n# This output is used by Xcode 'outputs' to avoid re-running this script phase.\necho \"SUCCESS\" > \"${SCRIPT_OUTPUT_FILE_0}\"\n";
			showEnvVarsInLog = 0;
		};
		9B758BD80B368B9FF0B47916 /* [CP] Embed Pods Frameworks */ = {
			isa = PBXShellScriptBuildPhase;
			buildActionMask = 2147483647;
			files = (
			);
			inputFileListPaths = (
				"${PODS_ROOT}/Target Support Files/Pods-StrawberryPie/Pods-StrawberryPie-frameworks-${CONFIGURATION}-input-files.xcfilelist",
			);
			name = "[CP] Embed Pods Frameworks";
			outputFileListPaths = (
				"${PODS_ROOT}/Target Support Files/Pods-StrawberryPie/Pods-StrawberryPie-frameworks-${CONFIGURATION}-output-files.xcfilelist",
			);
			runOnlyForDeploymentPostprocessing = 0;
			shellPath = /bin/sh;
			shellScript = "\"${PODS_ROOT}/Target Support Files/Pods-StrawberryPie/Pods-StrawberryPie-frameworks.sh\"\n";
			showEnvVarsInLog = 0;
		};
		ADC2A9EA4EC8AD913CCADA20 /* [CP] Check Pods Manifest.lock */ = {
			isa = PBXShellScriptBuildPhase;
			buildActionMask = 2147483647;
			files = (
			);
			inputFileListPaths = (
			);
			inputPaths = (
				"${PODS_PODFILE_DIR_PATH}/Podfile.lock",
				"${PODS_ROOT}/Manifest.lock",
			);
			name = "[CP] Check Pods Manifest.lock";
			outputFileListPaths = (
			);
			outputPaths = (
				"$(DERIVED_FILE_DIR)/Pods-StrawberryPie-StrawberryPieUITests-checkManifestLockResult.txt",
			);
			runOnlyForDeploymentPostprocessing = 0;
			shellPath = /bin/sh;
			shellScript = "diff \"${PODS_PODFILE_DIR_PATH}/Podfile.lock\" \"${PODS_ROOT}/Manifest.lock\" > /dev/null\nif [ $? != 0 ] ; then\n    # print error to STDERR\n    echo \"error: The sandbox is not in sync with the Podfile.lock. Run 'pod install' or update your CocoaPods installation.\" >&2\n    exit 1\nfi\n# This output is used by Xcode 'outputs' to avoid re-running this script phase.\necho \"SUCCESS\" > \"${SCRIPT_OUTPUT_FILE_0}\"\n";
			showEnvVarsInLog = 0;
		};
/* End PBXShellScriptBuildPhase section */

/* Begin PBXSourcesBuildPhase section */
		6A7E662F238430AD00F8340C /* Sources */ = {
			isa = PBXSourcesBuildPhase;
			buildActionMask = 2147483647;
			files = (
				6AE09EB1238827760040E87E /* Work+CoreDataClass.swift in Sources */,
				6AE09EB0238827760040E87E /* Work+CoreDataProperties.swift in Sources */,
				6A7E663F238430AD00F8340C /* StrawberryPie.xcdatamodeld in Sources */,
				6A7E6639238430AD00F8340C /* LoginRegisterController.swift in Sources */,
				6AE09EAD238827760040E87E /* Category+CoreDataClass.swift in Sources */,
				6AE09EAF238827760040E87E /* Studies+CoreDataProperties.swift in Sources */,
				6AE09EAE238827760040E87E /* Studies+CoreDataClass.swift in Sources */,
				6A7D3412238830630079BFB7 /* Constants.swift in Sources */,
				6AE09EB2238827760040E87E /* Category+CoreDataProperties.swift in Sources */,
				6A7E6637238430AD00F8340C /* AppDelegate.swift in Sources */,
				6ACB980E238674AD0070CCF6 /* ChatMessage.swift in Sources */,
				6ACB980A2386747A0070CCF6 /* QASession.swift in Sources */,
				6AC642CC2385892500E2906F /* ProfileController.swift in Sources */,
			);
			runOnlyForDeploymentPostprocessing = 0;
		};
		6A7E6646238430AF00F8340C /* Sources */ = {
			isa = PBXSourcesBuildPhase;
			buildActionMask = 2147483647;
			files = (
				6ACB980F238674AD0070CCF6 /* ChatMessage.swift in Sources */,
				6ACB980B2386747A0070CCF6 /* QASession.swift in Sources */,
				6A7E664F238430AF00F8340C /* StrawberryPieTests.swift in Sources */,
			);
			runOnlyForDeploymentPostprocessing = 0;
		};
		6A7E6651238430AF00F8340C /* Sources */ = {
			isa = PBXSourcesBuildPhase;
			buildActionMask = 2147483647;
			files = (
				6ACB9810238674AD0070CCF6 /* ChatMessage.swift in Sources */,
				6ACB980C2386747A0070CCF6 /* QASession.swift in Sources */,
				6A7E665A238430AF00F8340C /* StrawberryPieUITests.swift in Sources */,
			);
			runOnlyForDeploymentPostprocessing = 0;
		};
/* End PBXSourcesBuildPhase section */

/* Begin PBXTargetDependency section */
		6A7E664C238430AF00F8340C /* PBXTargetDependency */ = {
			isa = PBXTargetDependency;
			target = 6A7E6632238430AD00F8340C /* StrawberryPie */;
			targetProxy = 6A7E664B238430AF00F8340C /* PBXContainerItemProxy */;
		};
		6A7E6657238430AF00F8340C /* PBXTargetDependency */ = {
			isa = PBXTargetDependency;
			target = 6A7E6632238430AD00F8340C /* StrawberryPie */;
			targetProxy = 6A7E6656238430AF00F8340C /* PBXContainerItemProxy */;
		};
/* End PBXTargetDependency section */

/* Begin PBXVariantGroup section */
		6A7E6642238430AF00F8340C /* LaunchScreen.storyboard */ = {
			isa = PBXVariantGroup;
			children = (
				6A7E6643238430AF00F8340C /* Base */,
			);
			name = LaunchScreen.storyboard;
			sourceTree = "<group>";
		};
		6AC642D42385915000E2906F /* Main.storyboard */ = {
			isa = PBXVariantGroup;
			children = (
				6AC642D52385915000E2906F /* Base */,
			);
			name = Main.storyboard;
			sourceTree = "<group>";
		};
/* End PBXVariantGroup section */

/* Begin XCBuildConfiguration section */
		6A7E665C238430AF00F8340C /* Debug */ = {
			isa = XCBuildConfiguration;
			buildSettings = {
				ALWAYS_SEARCH_USER_PATHS = NO;
				CLANG_ANALYZER_NONNULL = YES;
				CLANG_ANALYZER_NUMBER_OBJECT_CONVERSION = YES_AGGRESSIVE;
				CLANG_CXX_LANGUAGE_STANDARD = "gnu++14";
				CLANG_CXX_LIBRARY = "libc++";
				CLANG_ENABLE_MODULES = YES;
				CLANG_ENABLE_OBJC_ARC = YES;
				CLANG_ENABLE_OBJC_WEAK = YES;
				CLANG_WARN_BLOCK_CAPTURE_AUTORELEASING = YES;
				CLANG_WARN_BOOL_CONVERSION = YES;
				CLANG_WARN_COMMA = YES;
				CLANG_WARN_CONSTANT_CONVERSION = YES;
				CLANG_WARN_DEPRECATED_OBJC_IMPLEMENTATIONS = YES;
				CLANG_WARN_DIRECT_OBJC_ISA_USAGE = YES_ERROR;
				CLANG_WARN_DOCUMENTATION_COMMENTS = YES;
				CLANG_WARN_EMPTY_BODY = YES;
				CLANG_WARN_ENUM_CONVERSION = YES;
				CLANG_WARN_INFINITE_RECURSION = YES;
				CLANG_WARN_INT_CONVERSION = YES;
				CLANG_WARN_NON_LITERAL_NULL_CONVERSION = YES;
				CLANG_WARN_OBJC_IMPLICIT_RETAIN_SELF = YES;
				CLANG_WARN_OBJC_LITERAL_CONVERSION = YES;
				CLANG_WARN_OBJC_ROOT_CLASS = YES_ERROR;
				CLANG_WARN_RANGE_LOOP_ANALYSIS = YES;
				CLANG_WARN_STRICT_PROTOTYPES = YES;
				CLANG_WARN_SUSPICIOUS_MOVE = YES;
				CLANG_WARN_UNGUARDED_AVAILABILITY = YES_AGGRESSIVE;
				CLANG_WARN_UNREACHABLE_CODE = YES;
				CLANG_WARN__DUPLICATE_METHOD_MATCH = YES;
				CODE_SIGN_IDENTITY = "iPhone Developer";
				COPY_PHASE_STRIP = NO;
				DEBUG_INFORMATION_FORMAT = dwarf;
				ENABLE_STRICT_OBJC_MSGSEND = YES;
				ENABLE_TESTABILITY = YES;
				GCC_C_LANGUAGE_STANDARD = gnu11;
				GCC_DYNAMIC_NO_PIC = NO;
				GCC_NO_COMMON_BLOCKS = YES;
				GCC_OPTIMIZATION_LEVEL = 0;
				GCC_PREPROCESSOR_DEFINITIONS = (
					"DEBUG=1",
					"$(inherited)",
				);
				GCC_WARN_64_TO_32_BIT_CONVERSION = YES;
				GCC_WARN_ABOUT_RETURN_TYPE = YES_ERROR;
				GCC_WARN_UNDECLARED_SELECTOR = YES;
				GCC_WARN_UNINITIALIZED_AUTOS = YES_AGGRESSIVE;
				GCC_WARN_UNUSED_FUNCTION = YES;
				GCC_WARN_UNUSED_VARIABLE = YES;
				IPHONEOS_DEPLOYMENT_TARGET = 12.1;
				MTL_ENABLE_DEBUG_INFO = INCLUDE_SOURCE;
				MTL_FAST_MATH = YES;
				ONLY_ACTIVE_ARCH = YES;
				SDKROOT = iphoneos;
				SWIFT_ACTIVE_COMPILATION_CONDITIONS = DEBUG;
				SWIFT_OPTIMIZATION_LEVEL = "-Onone";
			};
			name = Debug;
		};
		6A7E665D238430AF00F8340C /* Release */ = {
			isa = XCBuildConfiguration;
			buildSettings = {
				ALWAYS_SEARCH_USER_PATHS = NO;
				CLANG_ANALYZER_NONNULL = YES;
				CLANG_ANALYZER_NUMBER_OBJECT_CONVERSION = YES_AGGRESSIVE;
				CLANG_CXX_LANGUAGE_STANDARD = "gnu++14";
				CLANG_CXX_LIBRARY = "libc++";
				CLANG_ENABLE_MODULES = YES;
				CLANG_ENABLE_OBJC_ARC = YES;
				CLANG_ENABLE_OBJC_WEAK = YES;
				CLANG_WARN_BLOCK_CAPTURE_AUTORELEASING = YES;
				CLANG_WARN_BOOL_CONVERSION = YES;
				CLANG_WARN_COMMA = YES;
				CLANG_WARN_CONSTANT_CONVERSION = YES;
				CLANG_WARN_DEPRECATED_OBJC_IMPLEMENTATIONS = YES;
				CLANG_WARN_DIRECT_OBJC_ISA_USAGE = YES_ERROR;
				CLANG_WARN_DOCUMENTATION_COMMENTS = YES;
				CLANG_WARN_EMPTY_BODY = YES;
				CLANG_WARN_ENUM_CONVERSION = YES;
				CLANG_WARN_INFINITE_RECURSION = YES;
				CLANG_WARN_INT_CONVERSION = YES;
				CLANG_WARN_NON_LITERAL_NULL_CONVERSION = YES;
				CLANG_WARN_OBJC_IMPLICIT_RETAIN_SELF = YES;
				CLANG_WARN_OBJC_LITERAL_CONVERSION = YES;
				CLANG_WARN_OBJC_ROOT_CLASS = YES_ERROR;
				CLANG_WARN_RANGE_LOOP_ANALYSIS = YES;
				CLANG_WARN_STRICT_PROTOTYPES = YES;
				CLANG_WARN_SUSPICIOUS_MOVE = YES;
				CLANG_WARN_UNGUARDED_AVAILABILITY = YES_AGGRESSIVE;
				CLANG_WARN_UNREACHABLE_CODE = YES;
				CLANG_WARN__DUPLICATE_METHOD_MATCH = YES;
				CODE_SIGN_IDENTITY = "iPhone Developer";
				COPY_PHASE_STRIP = NO;
				DEBUG_INFORMATION_FORMAT = "dwarf-with-dsym";
				ENABLE_NS_ASSERTIONS = NO;
				ENABLE_STRICT_OBJC_MSGSEND = YES;
				GCC_C_LANGUAGE_STANDARD = gnu11;
				GCC_NO_COMMON_BLOCKS = YES;
				GCC_WARN_64_TO_32_BIT_CONVERSION = YES;
				GCC_WARN_ABOUT_RETURN_TYPE = YES_ERROR;
				GCC_WARN_UNDECLARED_SELECTOR = YES;
				GCC_WARN_UNINITIALIZED_AUTOS = YES_AGGRESSIVE;
				GCC_WARN_UNUSED_FUNCTION = YES;
				GCC_WARN_UNUSED_VARIABLE = YES;
				IPHONEOS_DEPLOYMENT_TARGET = 12.1;
				MTL_ENABLE_DEBUG_INFO = NO;
				MTL_FAST_MATH = YES;
				SDKROOT = iphoneos;
				SWIFT_COMPILATION_MODE = wholemodule;
				SWIFT_OPTIMIZATION_LEVEL = "-O";
				VALIDATE_PRODUCT = YES;
			};
			name = Release;
		};
		6A7E665F238430AF00F8340C /* Debug */ = {
			isa = XCBuildConfiguration;
			baseConfigurationReference = CE07CB0B56F32CAAB48E7C6C /* Pods-StrawberryPie.debug.xcconfig */;
			buildSettings = {
				ASSETCATALOG_COMPILER_APPICON_NAME = AppIcon;
				CODE_SIGN_STYLE = Automatic;
				DEVELOPMENT_TEAM = 6458786ZYK;
				INFOPLIST_FILE = StrawberryPie/Info.plist;
				LD_RUNPATH_SEARCH_PATHS = (
					"$(inherited)",
					"@executable_path/Frameworks",
				);
				PRODUCT_BUNDLE_IDENTIFIER = com.metropolia.StrawberryPie;
				PRODUCT_NAME = "$(TARGET_NAME)";
				SWIFT_VERSION = 4.2;
				TARGETED_DEVICE_FAMILY = "1,2";
			};
			name = Debug;
		};
		6A7E6660238430AF00F8340C /* Release */ = {
			isa = XCBuildConfiguration;
			baseConfigurationReference = EC31303FB4172628B0DEDD57 /* Pods-StrawberryPie.release.xcconfig */;
			buildSettings = {
				ASSETCATALOG_COMPILER_APPICON_NAME = AppIcon;
				CODE_SIGN_STYLE = Automatic;
				DEVELOPMENT_TEAM = 6458786ZYK;
				INFOPLIST_FILE = StrawberryPie/Info.plist;
				LD_RUNPATH_SEARCH_PATHS = (
					"$(inherited)",
					"@executable_path/Frameworks",
				);
				PRODUCT_BUNDLE_IDENTIFIER = com.metropolia.StrawberryPie;
				PRODUCT_NAME = "$(TARGET_NAME)";
				SWIFT_VERSION = 4.2;
				TARGETED_DEVICE_FAMILY = "1,2";
			};
			name = Release;
		};
		6A7E6662238430AF00F8340C /* Debug */ = {
			isa = XCBuildConfiguration;
			baseConfigurationReference = 6FE67FC2653627D51C037D95 /* Pods-StrawberryPieTests.debug.xcconfig */;
			buildSettings = {
				ALWAYS_EMBED_SWIFT_STANDARD_LIBRARIES = YES;
				BUNDLE_LOADER = "$(TEST_HOST)";
				CODE_SIGN_STYLE = Automatic;
				DEVELOPMENT_TEAM = 6458786ZYK;
				INFOPLIST_FILE = StrawberryPieTests/Info.plist;
				LD_RUNPATH_SEARCH_PATHS = (
					"$(inherited)",
					"@executable_path/Frameworks",
					"@loader_path/Frameworks",
				);
				PRODUCT_BUNDLE_IDENTIFIER = com.metropolia.StrawberryPieTests;
				PRODUCT_NAME = "$(TARGET_NAME)";
				SWIFT_VERSION = 4.2;
				TARGETED_DEVICE_FAMILY = "1,2";
				TEST_HOST = "$(BUILT_PRODUCTS_DIR)/StrawberryPie.app/StrawberryPie";
			};
			name = Debug;
		};
		6A7E6663238430AF00F8340C /* Release */ = {
			isa = XCBuildConfiguration;
			baseConfigurationReference = A96B7A6FA000376F53649958 /* Pods-StrawberryPieTests.release.xcconfig */;
			buildSettings = {
				ALWAYS_EMBED_SWIFT_STANDARD_LIBRARIES = YES;
				BUNDLE_LOADER = "$(TEST_HOST)";
				CODE_SIGN_STYLE = Automatic;
				DEVELOPMENT_TEAM = 6458786ZYK;
				INFOPLIST_FILE = StrawberryPieTests/Info.plist;
				LD_RUNPATH_SEARCH_PATHS = (
					"$(inherited)",
					"@executable_path/Frameworks",
					"@loader_path/Frameworks",
				);
				PRODUCT_BUNDLE_IDENTIFIER = com.metropolia.StrawberryPieTests;
				PRODUCT_NAME = "$(TARGET_NAME)";
				SWIFT_VERSION = 4.2;
				TARGETED_DEVICE_FAMILY = "1,2";
				TEST_HOST = "$(BUILT_PRODUCTS_DIR)/StrawberryPie.app/StrawberryPie";
			};
			name = Release;
		};
		6A7E6665238430AF00F8340C /* Debug */ = {
			isa = XCBuildConfiguration;
			baseConfigurationReference = E22A0183E24B3C2146C949F3 /* Pods-StrawberryPie-StrawberryPieUITests.debug.xcconfig */;
			buildSettings = {
				ALWAYS_EMBED_SWIFT_STANDARD_LIBRARIES = YES;
				CODE_SIGN_STYLE = Automatic;
				DEVELOPMENT_TEAM = 6458786ZYK;
				INFOPLIST_FILE = StrawberryPieUITests/Info.plist;
				LD_RUNPATH_SEARCH_PATHS = (
					"$(inherited)",
					"@executable_path/Frameworks",
					"@loader_path/Frameworks",
				);
				PRODUCT_BUNDLE_IDENTIFIER = com.metropolia.StrawberryPieUITests;
				PRODUCT_NAME = "$(TARGET_NAME)";
				SWIFT_VERSION = 4.2;
				TARGETED_DEVICE_FAMILY = "1,2";
				TEST_TARGET_NAME = StrawberryPie;
			};
			name = Debug;
		};
		6A7E6666238430AF00F8340C /* Release */ = {
			isa = XCBuildConfiguration;
			baseConfigurationReference = 180D49CC598AD12A2D22C9D2 /* Pods-StrawberryPie-StrawberryPieUITests.release.xcconfig */;
			buildSettings = {
				ALWAYS_EMBED_SWIFT_STANDARD_LIBRARIES = YES;
				CODE_SIGN_STYLE = Automatic;
				DEVELOPMENT_TEAM = 6458786ZYK;
				INFOPLIST_FILE = StrawberryPieUITests/Info.plist;
				LD_RUNPATH_SEARCH_PATHS = (
					"$(inherited)",
					"@executable_path/Frameworks",
					"@loader_path/Frameworks",
				);
				PRODUCT_BUNDLE_IDENTIFIER = com.metropolia.StrawberryPieUITests;
				PRODUCT_NAME = "$(TARGET_NAME)";
				SWIFT_VERSION = 4.2;
				TARGETED_DEVICE_FAMILY = "1,2";
				TEST_TARGET_NAME = StrawberryPie;
			};
			name = Release;
		};
/* End XCBuildConfiguration section */

/* Begin XCConfigurationList section */
		6A7E662E238430AD00F8340C /* Build configuration list for PBXProject "StrawberryPie" */ = {
			isa = XCConfigurationList;
			buildConfigurations = (
				6A7E665C238430AF00F8340C /* Debug */,
				6A7E665D238430AF00F8340C /* Release */,
			);
			defaultConfigurationIsVisible = 0;
			defaultConfigurationName = Release;
		};
		6A7E665E238430AF00F8340C /* Build configuration list for PBXNativeTarget "StrawberryPie" */ = {
			isa = XCConfigurationList;
			buildConfigurations = (
				6A7E665F238430AF00F8340C /* Debug */,
				6A7E6660238430AF00F8340C /* Release */,
			);
			defaultConfigurationIsVisible = 0;
			defaultConfigurationName = Release;
		};
		6A7E6661238430AF00F8340C /* Build configuration list for PBXNativeTarget "StrawberryPieTests" */ = {
			isa = XCConfigurationList;
			buildConfigurations = (
				6A7E6662238430AF00F8340C /* Debug */,
				6A7E6663238430AF00F8340C /* Release */,
			);
			defaultConfigurationIsVisible = 0;
			defaultConfigurationName = Release;
		};
		6A7E6664238430AF00F8340C /* Build configuration list for PBXNativeTarget "StrawberryPieUITests" */ = {
			isa = XCConfigurationList;
			buildConfigurations = (
				6A7E6665238430AF00F8340C /* Debug */,
				6A7E6666238430AF00F8340C /* Release */,
			);
			defaultConfigurationIsVisible = 0;
			defaultConfigurationName = Release;
		};
/* End XCConfigurationList section */

/* Begin XCVersionGroup section */
		6A7E663D238430AD00F8340C /* StrawberryPie.xcdatamodeld */ = {
			isa = XCVersionGroup;
			children = (
				6A7E663E238430AD00F8340C /* StrawberryPie.xcdatamodel */,
			);
			currentVersion = 6A7E663E238430AD00F8340C /* StrawberryPie.xcdatamodel */;
			path = StrawberryPie.xcdatamodeld;
			sourceTree = "<group>";
			versionGroupType = wrapper.xcdatamodel;
		};
/* End XCVersionGroup section */
	};
	rootObject = 6A7E662B238430AD00F8340C /* Project object */;
}
